// !$*UTF8*$!
{
	archiveVersion = 1;
	classes = {
	};
	objectVersion = 46;
	objects = {

/* Begin PBXBuildFile section */
		3F008C081E7A66AE006F6889 /* NetworkModule.m in Sources */ = {isa = PBXBuildFile; fileRef = 3F008C071E7A66AE006F6889 /* NetworkModule.m */; };
		3F008C0B1E7A7989006F6889 /* o_o.gif in Resources */ = {isa = PBXBuildFile; fileRef = 3F008C0A1E7A7989006F6889 /* o_o.gif */; };
		3F008C111E7A7CAD006F6889 /* LoginViewController.m in Sources */ = {isa = PBXBuildFile; fileRef = 3F008C101E7A7CAD006F6889 /* LoginViewController.m */; };
		3F008C141E7A8A78006F6889 /* SignUpViewController.m in Sources */ = {isa = PBXBuildFile; fileRef = 3F008C131E7A8A78006F6889 /* SignUpViewController.m */; };
		3F008C1A1E7ACA6A006F6889 /* MainViewController.m in Sources */ = {isa = PBXBuildFile; fileRef = 3F008C191E7ACA6A006F6889 /* MainViewController.m */; };
		3F56AEC01E7A5E18004B8F26 /* main.m in Sources */ = {isa = PBXBuildFile; fileRef = 3F56AEBF1E7A5E18004B8F26 /* main.m */; };
		3F56AEC31E7A5E18004B8F26 /* AppDelegate.m in Sources */ = {isa = PBXBuildFile; fileRef = 3F56AEC21E7A5E18004B8F26 /* AppDelegate.m */; };
		3F56AEC91E7A5E18004B8F26 /* Main.storyboard in Resources */ = {isa = PBXBuildFile; fileRef = 3F56AEC71E7A5E18004B8F26 /* Main.storyboard */; };
		3F56AECB1E7A5E18004B8F26 /* Assets.xcassets in Resources */ = {isa = PBXBuildFile; fileRef = 3F56AECA1E7A5E18004B8F26 /* Assets.xcassets */; };
		3F56AECE1E7A5E18004B8F26 /* LaunchScreen.storyboard in Resources */ = {isa = PBXBuildFile; fileRef = 3F56AECC1E7A5E18004B8F26 /* LaunchScreen.storyboard */; };
		3F56AEDB1E7A62E5004B8F26 /* DataCenter.m in Sources */ = {isa = PBXBuildFile; fileRef = 3F56AEDA1E7A62E5004B8F26 /* DataCenter.m */; };
		65D9BCB5C4BA71CAA645399D /* libPods-DaejanchiSayAnything.a in Frameworks */ = {isa = PBXBuildFile; fileRef = 75FAC31DC558C7D6AC2879A7 /* libPods-DaejanchiSayAnything.a */; };
/* End PBXBuildFile section */

/* Begin PBXFileReference section */
		3F008C061E7A66AE006F6889 /* NetworkModule.h */ = {isa = PBXFileReference; fileEncoding = 4; lastKnownFileType = sourcecode.c.h; path = NetworkModule.h; sourceTree = "<group>"; };
		3F008C071E7A66AE006F6889 /* NetworkModule.m */ = {isa = PBXFileReference; fileEncoding = 4; lastKnownFileType = sourcecode.c.objc; path = NetworkModule.m; sourceTree = "<group>"; };
		3F008C0A1E7A7989006F6889 /* o_o.gif */ = {isa = PBXFileReference; lastKnownFileType = image.gif; name = o_o.gif; path = imges/o_o.gif; sourceTree = "<group>"; };
		3F008C0F1E7A7CAD006F6889 /* LoginViewController.h */ = {isa = PBXFileReference; fileEncoding = 4; lastKnownFileType = sourcecode.c.h; path = LoginViewController.h; sourceTree = "<group>"; };
		3F008C101E7A7CAD006F6889 /* LoginViewController.m */ = {isa = PBXFileReference; fileEncoding = 4; lastKnownFileType = sourcecode.c.objc; path = LoginViewController.m; sourceTree = "<group>"; };
		3F008C121E7A8A78006F6889 /* SignUpViewController.h */ = {isa = PBXFileReference; fileEncoding = 4; lastKnownFileType = sourcecode.c.h; path = SignUpViewController.h; sourceTree = "<group>"; };
		3F008C131E7A8A78006F6889 /* SignUpViewController.m */ = {isa = PBXFileReference; fileEncoding = 4; lastKnownFileType = sourcecode.c.objc; path = SignUpViewController.m; sourceTree = "<group>"; };
		3F008C181E7ACA6A006F6889 /* MainViewController.h */ = {isa = PBXFileReference; fileEncoding = 4; lastKnownFileType = sourcecode.c.h; path = MainViewController.h; sourceTree = "<group>"; };
		3F008C191E7ACA6A006F6889 /* MainViewController.m */ = {isa = PBXFileReference; fileEncoding = 4; lastKnownFileType = sourcecode.c.objc; path = MainViewController.m; sourceTree = "<group>"; };
		3F56AEBB1E7A5E18004B8F26 /* DaejanchiSayAnything.app */ = {isa = PBXFileReference; explicitFileType = wrapper.application; includeInIndex = 0; path = DaejanchiSayAnything.app; sourceTree = BUILT_PRODUCTS_DIR; };
		3F56AEBF1E7A5E18004B8F26 /* main.m */ = {isa = PBXFileReference; lastKnownFileType = sourcecode.c.objc; path = main.m; sourceTree = "<group>"; };
		3F56AEC11E7A5E18004B8F26 /* AppDelegate.h */ = {isa = PBXFileReference; lastKnownFileType = sourcecode.c.h; path = AppDelegate.h; sourceTree = "<group>"; };
		3F56AEC21E7A5E18004B8F26 /* AppDelegate.m */ = {isa = PBXFileReference; lastKnownFileType = sourcecode.c.objc; path = AppDelegate.m; sourceTree = "<group>"; };
		3F56AEC81E7A5E18004B8F26 /* Base */ = {isa = PBXFileReference; lastKnownFileType = file.storyboard; name = Base; path = Base.lproj/Main.storyboard; sourceTree = "<group>"; };
		3F56AECA1E7A5E18004B8F26 /* Assets.xcassets */ = {isa = PBXFileReference; lastKnownFileType = folder.assetcatalog; path = Assets.xcassets; sourceTree = "<group>"; };
		3F56AECD1E7A5E18004B8F26 /* Base */ = {isa = PBXFileReference; lastKnownFileType = file.storyboard; name = Base; path = Base.lproj/LaunchScreen.storyboard; sourceTree = "<group>"; };
		3F56AECF1E7A5E18004B8F26 /* Info.plist */ = {isa = PBXFileReference; lastKnownFileType = text.plist.xml; path = Info.plist; sourceTree = "<group>"; };
		3F56AED91E7A62E5004B8F26 /* DataCenter.h */ = {isa = PBXFileReference; fileEncoding = 4; lastKnownFileType = sourcecode.c.h; path = DataCenter.h; sourceTree = "<group>"; };
		3F56AEDA1E7A62E5004B8F26 /* DataCenter.m */ = {isa = PBXFileReference; fileEncoding = 4; lastKnownFileType = sourcecode.c.objc; path = DataCenter.m; sourceTree = "<group>"; };
		75FAC31DC558C7D6AC2879A7 /* libPods-DaejanchiSayAnything.a */ = {isa = PBXFileReference; explicitFileType = archive.ar; includeInIndex = 0; path = "libPods-DaejanchiSayAnything.a"; sourceTree = BUILT_PRODUCTS_DIR; };
		F794C86DA34D098E5EC2916B /* Pods-DaejanchiSayAnything.release.xcconfig */ = {isa = PBXFileReference; includeInIndex = 1; lastKnownFileType = text.xcconfig; name = "Pods-DaejanchiSayAnything.release.xcconfig"; path = "Pods/Target Support Files/Pods-DaejanchiSayAnything/Pods-DaejanchiSayAnything.release.xcconfig"; sourceTree = "<group>"; };
		F926070F35F68D6FCB28C262 /* Pods-DaejanchiSayAnything.debug.xcconfig */ = {isa = PBXFileReference; includeInIndex = 1; lastKnownFileType = text.xcconfig; name = "Pods-DaejanchiSayAnything.debug.xcconfig"; path = "Pods/Target Support Files/Pods-DaejanchiSayAnything/Pods-DaejanchiSayAnything.debug.xcconfig"; sourceTree = "<group>"; };
/* End PBXFileReference section */

/* Begin PBXFrameworksBuildPhase section */
		3F56AEB81E7A5E18004B8F26 /* Frameworks */ = {
			isa = PBXFrameworksBuildPhase;
			buildActionMask = 2147483647;
			files = (
				65D9BCB5C4BA71CAA645399D /* libPods-DaejanchiSayAnything.a in Frameworks */,
			);
			runOnlyForDeploymentPostprocessing = 0;
		};
/* End PBXFrameworksBuildPhase section */

/* Begin PBXGroup section */
		16D20BA8068FA979394A6B7A /* Pods */ = {
			isa = PBXGroup;
			children = (
				F926070F35F68D6FCB28C262 /* Pods-DaejanchiSayAnything.debug.xcconfig */,
				F794C86DA34D098E5EC2916B /* Pods-DaejanchiSayAnything.release.xcconfig */,
			);
			name = Pods;
			sourceTree = "<group>";
		};
		3F008C091E7A797B006F6889 /* Imges */ = {
			isa = PBXGroup;
			children = (
				3F008C0A1E7A7989006F6889 /* o_o.gif */,
			);
			name = Imges;
			sourceTree = "<group>";
		};
		3F008C1B1E7ACF2B006F6889 /* ViewController */ = {
			isa = PBXGroup;
			children = (
				3F008C0F1E7A7CAD006F6889 /* LoginViewController.h */,
				3F008C101E7A7CAD006F6889 /* LoginViewController.m */,
				3F008C121E7A8A78006F6889 /* SignUpViewController.h */,
				3F008C131E7A8A78006F6889 /* SignUpViewController.m */,
				3F008C181E7ACA6A006F6889 /* MainViewController.h */,
				3F008C191E7ACA6A006F6889 /* MainViewController.m */,
			);
			name = ViewController;
			sourceTree = "<group>";
		};
		3F56AEB21E7A5E18004B8F26 = {
			isa = PBXGroup;
			children = (
				3F56AEBD1E7A5E18004B8F26 /* DaejanchiSayAnything */,
				3F56AEBC1E7A5E18004B8F26 /* Products */,
				16D20BA8068FA979394A6B7A /* Pods */,
				D3E77894A69F5E5E5F0DEA2F /* Frameworks */,
			);
			sourceTree = "<group>";
		};
		3F56AEBC1E7A5E18004B8F26 /* Products */ = {
			isa = PBXGroup;
			children = (
				3F56AEBB1E7A5E18004B8F26 /* DaejanchiSayAnything.app */,
			);
			name = Products;
			sourceTree = "<group>";
		};
		3F56AEBD1E7A5E18004B8F26 /* DaejanchiSayAnything */ = {
			isa = PBXGroup;
			children = (
				3F008C091E7A797B006F6889 /* Imges */,
				3F56AEC11E7A5E18004B8F26 /* AppDelegate.h */,
				3F56AEC21E7A5E18004B8F26 /* AppDelegate.m */,
				3F56AED91E7A62E5004B8F26 /* DataCenter.h */,
				3F56AEDA1E7A62E5004B8F26 /* DataCenter.m */,
				3F008C061E7A66AE006F6889 /* NetworkModule.h */,
				3F008C071E7A66AE006F6889 /* NetworkModule.m */,
				3F008C1B1E7ACF2B006F6889 /* ViewController */,
				3F56AEC71E7A5E18004B8F26 /* Main.storyboard */,
				3F56AEBE1E7A5E18004B8F26 /* Supporting Files */,
			);
			path = DaejanchiSayAnything;
			sourceTree = "<group>";
		};
		3F56AEBE1E7A5E18004B8F26 /* Supporting Files */ = {
			isa = PBXGroup;
			children = (
				3F56AECA1E7A5E18004B8F26 /* Assets.xcassets */,
				3F56AECC1E7A5E18004B8F26 /* LaunchScreen.storyboard */,
				3F56AECF1E7A5E18004B8F26 /* Info.plist */,
				3F56AEBF1E7A5E18004B8F26 /* main.m */,
			);
			name = "Supporting Files";
			sourceTree = "<group>";
		};
		D3E77894A69F5E5E5F0DEA2F /* Frameworks */ = {
			isa = PBXGroup;
			children = (
				75FAC31DC558C7D6AC2879A7 /* libPods-DaejanchiSayAnything.a */,
			);
			name = Frameworks;
			sourceTree = "<group>";
		};
/* End PBXGroup section */

/* Begin PBXNativeTarget section */
		3F56AEBA1E7A5E18004B8F26 /* DaejanchiSayAnything */ = {
			isa = PBXNativeTarget;
			buildConfigurationList = 3F56AED21E7A5E18004B8F26 /* Build configuration list for PBXNativeTarget "DaejanchiSayAnything" */;
			buildPhases = (
				A9CEC83076F1432CD6F6B257 /* [CP] Check Pods Manifest.lock */,
				3F56AEB71E7A5E18004B8F26 /* Sources */,
				3F56AEB81E7A5E18004B8F26 /* Frameworks */,
				3F56AEB91E7A5E18004B8F26 /* Resources */,
				64D7788F2413005ED27603A2 /* [CP] Embed Pods Frameworks */,
				32B2825E361C0EEDF72EDD08 /* [CP] Copy Pods Resources */,
			);
			buildRules = (
			);
			dependencies = (
			);
			name = DaejanchiSayAnything;
			productName = DaejanchiSayAnything;
			productReference = 3F56AEBB1E7A5E18004B8F26 /* DaejanchiSayAnything.app */;
			productType = "com.apple.product-type.application";
		};
/* End PBXNativeTarget section */

/* Begin PBXProject section */
		3F56AEB31E7A5E18004B8F26 /* Project object */ = {
			isa = PBXProject;
			attributes = {
				LastUpgradeCheck = 0820;
				ORGANIZATIONNAME = JeheonChoi;
				TargetAttributes = {
					3F56AEBA1E7A5E18004B8F26 = {
						CreatedOnToolsVersion = 8.2.1;
						DevelopmentTeam = NN7QXHC8A3;
						ProvisioningStyle = Automatic;
					};
				};
			};
			buildConfigurationList = 3F56AEB61E7A5E18004B8F26 /* Build configuration list for PBXProject "DaejanchiSayAnything" */;
			compatibilityVersion = "Xcode 3.2";
			developmentRegion = English;
			hasScannedForEncodings = 0;
			knownRegions = (
				en,
				Base,
			);
			mainGroup = 3F56AEB21E7A5E18004B8F26;
			productRefGroup = 3F56AEBC1E7A5E18004B8F26 /* Products */;
			projectDirPath = "";
			projectRoot = "";
			targets = (
				3F56AEBA1E7A5E18004B8F26 /* DaejanchiSayAnything */,
			);
		};
/* End PBXProject section */

/* Begin PBXResourcesBuildPhase section */
		3F56AEB91E7A5E18004B8F26 /* Resources */ = {
			isa = PBXResourcesBuildPhase;
			buildActionMask = 2147483647;
			files = (
				3F008C0B1E7A7989006F6889 /* o_o.gif in Resources */,
				3F56AECE1E7A5E18004B8F26 /* LaunchScreen.storyboard in Resources */,
				3F56AECB1E7A5E18004B8F26 /* Assets.xcassets in Resources */,
				3F56AEC91E7A5E18004B8F26 /* Main.storyboard in Resources */,
			);
			runOnlyForDeploymentPostprocessing = 0;
		};
/* End PBXResourcesBuildPhase section */

/* Begin PBXShellScriptBuildPhase section */
		32B2825E361C0EEDF72EDD08 /* [CP] Copy Pods Resources */ = {
			isa = PBXShellScriptBuildPhase;
			buildActionMask = 2147483647;
			files = (
			);
			inputPaths = (
			);
			name = "[CP] Copy Pods Resources";
			outputPaths = (
			);
			runOnlyForDeploymentPostprocessing = 0;
			shellPath = /bin/sh;
			shellScript = "\"${SRCROOT}/Pods/Target Support Files/Pods-DaejanchiSayAnything/Pods-DaejanchiSayAnything-resources.sh\"\n";
			showEnvVarsInLog = 0;
		};
		64D7788F2413005ED27603A2 /* [CP] Embed Pods Frameworks */ = {
			isa = PBXShellScriptBuildPhase;
			buildActionMask = 2147483647;
			files = (
			);
			inputPaths = (
			);
			name = "[CP] Embed Pods Frameworks";
			outputPaths = (
			);
			runOnlyForDeploymentPostprocessing = 0;
			shellPath = /bin/sh;
			shellScript = "\"${SRCROOT}/Pods/Target Support Files/Pods-DaejanchiSayAnything/Pods-DaejanchiSayAnything-frameworks.sh\"\n";
			showEnvVarsInLog = 0;
		};
		A9CEC83076F1432CD6F6B257 /* [CP] Check Pods Manifest.lock */ = {
			isa = PBXShellScriptBuildPhase;
			buildActionMask = 2147483647;
			files = (
			);
			inputPaths = (
			);
			name = "[CP] Check Pods Manifest.lock";
			outputPaths = (
			);
			runOnlyForDeploymentPostprocessing = 0;
			shellPath = /bin/sh;
			shellScript = "diff \"${PODS_ROOT}/../Podfile.lock\" \"${PODS_ROOT}/Manifest.lock\" > /dev/null\nif [ $? != 0 ] ; then\n    # print error to STDERR\n    echo \"error: The sandbox is not in sync with the Podfile.lock. Run 'pod install' or update your CocoaPods installation.\" >&2\n    exit 1\nfi\n";
			showEnvVarsInLog = 0;
		};
/* End PBXShellScriptBuildPhase section */

/* Begin PBXSourcesBuildPhase section */
		3F56AEB71E7A5E18004B8F26 /* Sources */ = {
			isa = PBXSourcesBuildPhase;
			buildActionMask = 2147483647;
			files = (
				3F56AEDB1E7A62E5004B8F26 /* DataCenter.m in Sources */,
				3F008C081E7A66AE006F6889 /* NetworkModule.m in Sources */,
				3F008C141E7A8A78006F6889 /* SignUpViewController.m in Sources */,
				3F56AEC31E7A5E18004B8F26 /* AppDelegate.m in Sources */,
				3F008C1A1E7ACA6A006F6889 /* MainViewController.m in Sources */,
				3F56AEC01E7A5E18004B8F26 /* main.m in Sources */,
				3F008C111E7A7CAD006F6889 /* LoginViewController.m in Sources */,
			);
			runOnlyForDeploymentPostprocessing = 0;
		};
/* End PBXSourcesBuildPhase section */

/* Begin PBXVariantGroup section */
		3F56AEC71E7A5E18004B8F26 /* Main.storyboard */ = {
			isa = PBXVariantGroup;
			children = (
				3F56AEC81E7A5E18004B8F26 /* Base */,
			);
			name = Main.storyboard;
			sourceTree = "<group>";
		};
		3F56AECC1E7A5E18004B8F26 /* LaunchScreen.storyboard */ = {
			isa = PBXVariantGroup;
			children = (
				3F56AECD1E7A5E18004B8F26 /* Base */,
			);
			name = LaunchScreen.storyboard;
			sourceTree = "<group>";
		};
/* End PBXVariantGroup section */

/* Begin XCBuildConfiguration section */
		3F56AED01E7A5E18004B8F26 /* Debug */ = {
			isa = XCBuildConfiguration;
			buildSettings = {
				ALWAYS_SEARCH_USER_PATHS = NO;
				CLANG_ANALYZER_NONNULL = YES;
				CLANG_CXX_LANGUAGE_STANDARD = "gnu++0x";
				CLANG_CXX_LIBRARY = "libc++";
				CLANG_ENABLE_MODULES = YES;
				CLANG_ENABLE_OBJC_ARC = YES;
				CLANG_WARN_BOOL_CONVERSION = YES;
				CLANG_WARN_CONSTANT_CONVERSION = YES;
				CLANG_WARN_DIRECT_OBJC_ISA_USAGE = YES_ERROR;
				CLANG_WARN_DOCUMENTATION_COMMENTS = YES;
				CLANG_WARN_EMPTY_BODY = YES;
				CLANG_WARN_ENUM_CONVERSION = YES;
				CLANG_WARN_INFINITE_RECURSION = YES;
				CLANG_WARN_INT_CONVERSION = YES;
				CLANG_WARN_OBJC_ROOT_CLASS = YES_ERROR;
				CLANG_WARN_SUSPICIOUS_MOVE = YES;
				CLANG_WARN_UNREACHABLE_CODE = YES;
				CLANG_WARN__DUPLICATE_METHOD_MATCH = YES;
				"CODE_SIGN_IDENTITY[sdk=iphoneos*]" = "iPhone Developer";
				COPY_PHASE_STRIP = NO;
				DEBUG_INFORMATION_FORMAT = dwarf;
				ENABLE_STRICT_OBJC_MSGSEND = YES;
				ENABLE_TESTABILITY = YES;
				GCC_C_LANGUAGE_STANDARD = gnu99;
				GCC_DYNAMIC_NO_PIC = NO;
				GCC_NO_COMMON_BLOCKS = YES;
				GCC_OPTIMIZATION_LEVEL = 0;
				GCC_PREPROCESSOR_DEFINITIONS = (
					"DEBUG=1",
					"$(inherited)",
				);
				GCC_WARN_64_TO_32_BIT_CONVERSION = YES;
				GCC_WARN_ABOUT_RETURN_TYPE = YES_ERROR;
				GCC_WARN_UNDECLARED_SELECTOR = YES;
				GCC_WARN_UNINITIALIZED_AUTOS = YES_AGGRESSIVE;
				GCC_WARN_UNUSED_FUNCTION = YES;
				GCC_WARN_UNUSED_VARIABLE = YES;
				IPHONEOS_DEPLOYMENT_TARGET = 10.2;
				MTL_ENABLE_DEBUG_INFO = YES;
				ONLY_ACTIVE_ARCH = YES;
				SDKROOT = iphoneos;
			};
			name = Debug;
		};
		3F56AED11E7A5E18004B8F26 /* Release */ = {
			isa = XCBuildConfiguration;
			buildSettings = {
				ALWAYS_SEARCH_USER_PATHS = NO;
				CLANG_ANALYZER_NONNULL = YES;
				CLANG_CXX_LANGUAGE_STANDARD = "gnu++0x";
				CLANG_CXX_LIBRARY = "libc++";
				CLANG_ENABLE_MODULES = YES;
				CLANG_ENABLE_OBJC_ARC = YES;
				CLANG_WARN_BOOL_CONVERSION = YES;
				CLANG_WARN_CONSTANT_CONVERSION = YES;
				CLANG_WARN_DIRECT_OBJC_ISA_USAGE = YES_ERROR;
				CLANG_WARN_DOCUMENTATION_COMMENTS = YES;
				CLANG_WARN_EMPTY_BODY = YES;
				CLANG_WARN_ENUM_CONVERSION = YES;
				CLANG_WARN_INFINITE_RECURSION = YES;
				CLANG_WARN_INT_CONVERSION = YES;
				CLANG_WARN_OBJC_ROOT_CLASS = YES_ERROR;
				CLANG_WARN_SUSPICIOUS_MOVE = YES;
				CLANG_WARN_UNREACHABLE_CODE = YES;
				CLANG_WARN__DUPLICATE_METHOD_MATCH = YES;
				"CODE_SIGN_IDENTITY[sdk=iphoneos*]" = "iPhone Developer";
				COPY_PHASE_STRIP = NO;
				DEBUG_INFORMATION_FORMAT = "dwarf-with-dsym";
				ENABLE_NS_ASSERTIONS = NO;
				ENABLE_STRICT_OBJC_MSGSEND = YES;
				GCC_C_LANGUAGE_STANDARD = gnu99;
				GCC_NO_COMMON_BLOCKS = YES;
				GCC_WARN_64_TO_32_BIT_CONVERSION = YES;
				GCC_WARN_ABOUT_RETURN_TYPE = YES_ERROR;
				GCC_WARN_UNDECLARED_SELECTOR = YES;
				GCC_WARN_UNINITIALIZED_AUTOS = YES_AGGRESSIVE;
				GCC_WARN_UNUSED_FUNCTION = YES;
				GCC_WARN_UNUSED_VARIABLE = YES;
				IPHONEOS_DEPLOYMENT_TARGET = 10.2;
				MTL_ENABLE_DEBUG_INFO = NO;
				SDKROOT = iphoneos;
				VALIDATE_PRODUCT = YES;
			};
			name = Release;
		};
		3F56AED31E7A5E18004B8F26 /* Debug */ = {
			isa = XCBuildConfiguration;
			baseConfigurationReference = F926070F35F68D6FCB28C262 /* Pods-DaejanchiSayAnything.debug.xcconfig */;
			buildSettings = {
				ASSETCATALOG_COMPILER_APPICON_NAME = AppIcon;
				DEVELOPMENT_TEAM = NN7QXHC8A3;
				INFOPLIST_FILE = DaejanchiSayAnything/Info.plist;
				LD_RUNPATH_SEARCH_PATHS = "$(inherited) @executable_path/Frameworks";
				PRODUCT_BUNDLE_IDENTIFIER = com.Jereator.DaejanchiSayAnything;
				PRODUCT_NAME = "$(TARGET_NAME)";
			};
			name = Debug;
		};
		3F56AED41E7A5E18004B8F26 /* Release */ = {
			isa = XCBuildConfiguration;
			baseConfigurationReference = F794C86DA34D098E5EC2916B /* Pods-DaejanchiSayAnything.release.xcconfig */;
			buildSettings = {
				ASSETCATALOG_COMPILER_APPICON_NAME = AppIcon;
				DEVELOPMENT_TEAM = NN7QXHC8A3;
				INFOPLIST_FILE = DaejanchiSayAnything/Info.plist;
				LD_RUNPATH_SEARCH_PATHS = "$(inherited) @executable_path/Frameworks";
				PRODUCT_BUNDLE_IDENTIFIER = com.Jereator.DaejanchiSayAnything;
				PRODUCT_NAME = "$(TARGET_NAME)";
			};
			name = Release;
		};
/* End XCBuildConfiguration section */

/* Begin XCConfigurationList section */
		3F56AEB61E7A5E18004B8F26 /* Build configuration list for PBXProject "DaejanchiSayAnything" */ = {
			isa = XCConfigurationList;
			buildConfigurations = (
				3F56AED01E7A5E18004B8F26 /* Debug */,
				3F56AED11E7A5E18004B8F26 /* Release */,
			);
			defaultConfigurationIsVisible = 0;
			defaultConfigurationName = Release;
		};
		3F56AED21E7A5E18004B8F26 /* Build configuration list for PBXNativeTarget "DaejanchiSayAnything" */ = {
			isa = XCConfigurationList;
			buildConfigurations = (
				3F56AED31E7A5E18004B8F26 /* Debug */,
				3F56AED41E7A5E18004B8F26 /* Release */,
			);
			defaultConfigurationIsVisible = 0;
			defaultConfigurationName = Release;
		};
/* End XCConfigurationList section */
	};
	rootObject = 3F56AEB31E7A5E18004B8F26 /* Project object */;
}
