// !$*UTF8*$!
{
	archiveVersion = 1;
	classes = {
	};
	objectVersion = 46;
	objects = {

/* Begin PBXBuildFile section */
		3F52045F1E690B16002C13DA /* main.m in Sources */ = {isa = PBXBuildFile; fileRef = 3F52045E1E690B16002C13DA /* main.m */; };
		3F5204621E690B16002C13DA /* AppDelegate.m in Sources */ = {isa = PBXBuildFile; fileRef = 3F5204611E690B16002C13DA /* AppDelegate.m */; };
		3F5204651E690B16002C13DA /* ViewController.m in Sources */ = {isa = PBXBuildFile; fileRef = 3F5204641E690B16002C13DA /* ViewController.m */; };
		3F5204681E690B16002C13DA /* Main.storyboard in Resources */ = {isa = PBXBuildFile; fileRef = 3F5204661E690B16002C13DA /* Main.storyboard */; };
		3F52046A1E690B16002C13DA /* Assets.xcassets in Resources */ = {isa = PBXBuildFile; fileRef = 3F5204691E690B16002C13DA /* Assets.xcassets */; };
		3F52046D1E690B16002C13DA /* LaunchScreen.storyboard in Resources */ = {isa = PBXBuildFile; fileRef = 3F52046B1E690B16002C13DA /* LaunchScreen.storyboard */; };
		3F5204751E690B51002C13DA /* Sample.plist in Resources */ = {isa = PBXBuildFile; fileRef = 3F5204741E690B51002C13DA /* Sample.plist */; };
/* End PBXBuildFile section */

/* Begin PBXFileReference section */
		3F52045A1E690B16002C13DA /* DataTest.app */ = {isa = PBXFileReference; explicitFileType = wrapper.application; includeInIndex = 0; path = DataTest.app; sourceTree = BUILT_PRODUCTS_DIR; };
		3F52045E1E690B16002C13DA /* main.m */ = {isa = PBXFileReference; lastKnownFileType = sourcecode.c.objc; path = main.m; sourceTree = "<group>"; };
		3F5204601E690B16002C13DA /* AppDelegate.h */ = {isa = PBXFileReference; lastKnownFileType = sourcecode.c.h; path = AppDelegate.h; sourceTree = "<group>"; };
		3F5204611E690B16002C13DA /* AppDelegate.m */ = {isa = PBXFileReference; lastKnownFileType = sourcecode.c.objc; path = AppDelegate.m; sourceTree = "<group>"; };
		3F5204631E690B16002C13DA /* ViewController.h */ = {isa = PBXFileReference; lastKnownFileType = sourcecode.c.h; path = ViewController.h; sourceTree = "<group>"; };
		3F5204641E690B16002C13DA /* ViewController.m */ = {isa = PBXFileReference; lastKnownFileType = sourcecode.c.objc; path = ViewController.m; sourceTree = "<group>"; };
		3F5204671E690B16002C13DA /* Base */ = {isa = PBXFileReference; lastKnownFileType = file.storyboard; name = Base; path = Base.lproj/Main.storyboard; sourceTree = "<group>"; };
		3F5204691E690B16002C13DA /* Assets.xcassets */ = {isa = PBXFileReference; lastKnownFileType = folder.assetcatalog; path = Assets.xcassets; sourceTree = "<group>"; };
		3F52046C1E690B16002C13DA /* Base */ = {isa = PBXFileReference; lastKnownFileType = file.storyboard; name = Base; path = Base.lproj/LaunchScreen.storyboard; sourceTree = "<group>"; };
		3F52046E1E690B16002C13DA /* Info.plist */ = {isa = PBXFileReference; lastKnownFileType = text.plist.xml; path = Info.plist; sourceTree = "<group>"; };
		3F5204741E690B51002C13DA /* Sample.plist */ = {isa = PBXFileReference; fileEncoding = 4; lastKnownFileType = text.plist.xml; path = Sample.plist; sourceTree = "<group>"; };
/* End PBXFileReference section */

/* Begin PBXFrameworksBuildPhase section */
		3F5204571E690B16002C13DA /* Frameworks */ = {
			isa = PBXFrameworksBuildPhase;
			buildActionMask = 2147483647;
			files = (
			);
			runOnlyForDeploymentPostprocessing = 0;
		};
/* End PBXFrameworksBuildPhase section */

/* Begin PBXGroup section */
		3F5204511E690B16002C13DA = {
			isa = PBXGroup;
			children = (
				3F52045C1E690B16002C13DA /* DataTest */,
				3F52045B1E690B16002C13DA /* Products */,
			);
			sourceTree = "<group>";
		};
		3F52045B1E690B16002C13DA /* Products */ = {
			isa = PBXGroup;
			children = (
				3F52045A1E690B16002C13DA /* DataTest.app */,
			);
			name = Products;
			sourceTree = "<group>";
		};
		3F52045C1E690B16002C13DA /* DataTest */ = {
			isa = PBXGroup;
			children = (
				3F5204601E690B16002C13DA /* AppDelegate.h */,
				3F5204611E690B16002C13DA /* AppDelegate.m */,
				3F5204631E690B16002C13DA /* ViewController.h */,
				3F5204641E690B16002C13DA /* ViewController.m */,
				3F5204661E690B16002C13DA /* Main.storyboard */,
				3F5204691E690B16002C13DA /* Assets.xcassets */,
				3F52046B1E690B16002C13DA /* LaunchScreen.storyboard */,
				3F5204741E690B51002C13DA /* Sample.plist */,
				3F52046E1E690B16002C13DA /* Info.plist */,
				3F52045D1E690B16002C13DA /* Supporting Files */,
			);
			path = DataTest;
			sourceTree = "<group>";
		};
		3F52045D1E690B16002C13DA /* Supporting Files */ = {
			isa = PBXGroup;
			children = (
				3F52045E1E690B16002C13DA /* main.m */,
			);
			name = "Supporting Files";
			sourceTree = "<group>";
		};
/* End PBXGroup section */

/* Begin PBXNativeTarget section */
		3F5204591E690B16002C13DA /* DataTest */ = {
			isa = PBXNativeTarget;
			buildConfigurationList = 3F5204711E690B16002C13DA /* Build configuration list for PBXNativeTarget "DataTest" */;
			buildPhases = (
				3F5204561E690B16002C13DA /* Sources */,
				3F5204571E690B16002C13DA /* Frameworks */,
				3F5204581E690B16002C13DA /* Resources */,
			);
			buildRules = (
			);
			dependencies = (
			);
			name = DataTest;
			productName = DataTest;
			productReference = 3F52045A1E690B16002C13DA /* DataTest.app */;
			productType = "com.apple.product-type.application";
		};
/* End PBXNativeTarget section */

/* Begin PBXProject section */
		3F5204521E690B16002C13DA /* Project object */ = {
			isa = PBXProject;
			attributes = {
				LastUpgradeCheck = 0820;
				ORGANIZATIONNAME = JeheonChoi;
				TargetAttributes = {
					3F5204591E690B16002C13DA = {
						CreatedOnToolsVersion = 8.2.1;
						DevelopmentTeam = JVMFT5G5K6;
						ProvisioningStyle = Automatic;
					};
				};
			};
			buildConfigurationList = 3F5204551E690B16002C13DA /* Build configuration list for PBXProject "DataTest" */;
			compatibilityVersion = "Xcode 3.2";
			developmentRegion = English;
			hasScannedForEncodings = 0;
			knownRegions = (
				en,
				Base,
			);
			mainGroup = 3F5204511E690B16002C13DA;
			productRefGroup = 3F52045B1E690B16002C13DA /* Products */;
			projectDirPath = "";
			projectRoot = "";
			targets = (
				3F5204591E690B16002C13DA /* DataTest */,
			);
		};
/* End PBXProject section */

/* Begin PBXResourcesBuildPhase section */
		3F5204581E690B16002C13DA /* Resources */ = {
			isa = PBXResourcesBuildPhase;
			buildActionMask = 2147483647;
			files = (
				3F5204751E690B51002C13DA /* Sample.plist in Resources */,
				3F52046D1E690B16002C13DA /* LaunchScreen.storyboard in Resources */,
				3F52046A1E690B16002C13DA /* Assets.xcassets in Resources */,
				3F5204681E690B16002C13DA /* Main.storyboard in Resources */,
			);
			runOnlyForDeploymentPostprocessing = 0;
		};
/* End PBXResourcesBuildPhase section */

/* Begin PBXSourcesBuildPhase section */
		3F5204561E690B16002C13DA /* Sources */ = {
			isa = PBXSourcesBuildPhase;
			buildActionMask = 2147483647;
			files = (
				3F5204651E690B16002C13DA /* ViewController.m in Sources */,
				3F5204621E690B16002C13DA /* AppDelegate.m in Sources */,
				3F52045F1E690B16002C13DA /* main.m in Sources */,
			);
			runOnlyForDeploymentPostprocessing = 0;
		};
/* End PBXSourcesBuildPhase section */

/* Begin PBXVariantGroup section */
		3F5204661E690B16002C13DA /* Main.storyboard */ = {
			isa = PBXVariantGroup;
			children = (
				3F5204671E690B16002C13DA /* Base */,
			);
			name = Main.storyboard;
			sourceTree = "<group>";
		};
		3F52046B1E690B16002C13DA /* LaunchScreen.storyboard */ = {
			isa = PBXVariantGroup;
			children = (
				3F52046C1E690B16002C13DA /* Base */,
			);
			name = LaunchScreen.storyboard;
			sourceTree = "<group>";
		};
/* End PBXVariantGroup section */

/* Begin XCBuildConfiguration section */
		3F52046F1E690B16002C13DA /* Debug */ = {
			isa = XCBuildConfiguration;
			buildSettings = {
				ALWAYS_SEARCH_USER_PATHS = NO;
				CLANG_ANALYZER_NONNULL = YES;
				CLANG_CXX_LANGUAGE_STANDARD = "gnu++0x";
				CLANG_CXX_LIBRARY = "libc++";
				CLANG_ENABLE_MODULES = YES;
				CLANG_ENABLE_OBJC_ARC = YES;
				CLANG_WARN_BOOL_CONVERSION = YES;
				CLANG_WARN_CONSTANT_CONVERSION = YES;
				CLANG_WARN_DIRECT_OBJC_ISA_USAGE = YES_ERROR;
				CLANG_WARN_DOCUMENTATION_COMMENTS = YES;
				CLANG_WARN_EMPTY_BODY = YES;
				CLANG_WARN_ENUM_CONVERSION = YES;
				CLANG_WARN_INFINITE_RECURSION = YES;
				CLANG_WARN_INT_CONVERSION = YES;
				CLANG_WARN_OBJC_ROOT_CLASS = YES_ERROR;
				CLANG_WARN_SUSPICIOUS_MOVE = YES;
				CLANG_WARN_UNREACHABLE_CODE = YES;
				CLANG_WARN__DUPLICATE_METHOD_MATCH = YES;
				"CODE_SIGN_IDENTITY[sdk=iphoneos*]" = "iPhone Developer";
				COPY_PHASE_STRIP = NO;
				DEBUG_INFORMATION_FORMAT = dwarf;
				ENABLE_STRICT_OBJC_MSGSEND = YES;
				ENABLE_TESTABILITY = YES;
				GCC_C_LANGUAGE_STANDARD = gnu99;
				GCC_DYNAMIC_NO_PIC = NO;
				GCC_NO_COMMON_BLOCKS = YES;
				GCC_OPTIMIZATION_LEVEL = 0;
				GCC_PREPROCESSOR_DEFINITIONS = (
					"DEBUG=1",
					"$(inherited)",
				);
				GCC_WARN_64_TO_32_BIT_CONVERSION = YES;
				GCC_WARN_ABOUT_RETURN_TYPE = YES_ERROR;
				GCC_WARN_UNDECLARED_SELECTOR = YES;
				GCC_WARN_UNINITIALIZED_AUTOS = YES_AGGRESSIVE;
				GCC_WARN_UNUSED_FUNCTION = YES;
				GCC_WARN_UNUSED_VARIABLE = YES;
				IPHONEOS_DEPLOYMENT_TARGET = 10.2;
				MTL_ENABLE_DEBUG_INFO = YES;
				ONLY_ACTIVE_ARCH = YES;
				SDKROOT = iphoneos;
			};
			name = Debug;
		};
		3F5204701E690B16002C13DA /* Release */ = {
			isa = XCBuildConfiguration;
			buildSettings = {
				ALWAYS_SEARCH_USER_PATHS = NO;
				CLANG_ANALYZER_NONNULL = YES;
				CLANG_CXX_LANGUAGE_STANDARD = "gnu++0x";
				CLANG_CXX_LIBRARY = "libc++";
				CLANG_ENABLE_MODULES = YES;
				CLANG_ENABLE_OBJC_ARC = YES;
				CLANG_WARN_BOOL_CONVERSION = YES;
				CLANG_WARN_CONSTANT_CONVERSION = YES;
				CLANG_WARN_DIRECT_OBJC_ISA_USAGE = YES_ERROR;
				CLANG_WARN_DOCUMENTATION_COMMENTS = YES;
				CLANG_WARN_EMPTY_BODY = YES;
				CLANG_WARN_ENUM_CONVERSION = YES;
				CLANG_WARN_INFINITE_RECURSION = YES;
				CLANG_WARN_INT_CONVERSION = YES;
				CLANG_WARN_OBJC_ROOT_CLASS = YES_ERROR;
				CLANG_WARN_SUSPICIOUS_MOVE = YES;
				CLANG_WARN_UNREACHABLE_CODE = YES;
				CLANG_WARN__DUPLICATE_METHOD_MATCH = YES;
				"CODE_SIGN_IDENTITY[sdk=iphoneos*]" = "iPhone Developer";
				COPY_PHASE_STRIP = NO;
				DEBUG_INFORMATION_FORMAT = "dwarf-with-dsym";
				ENABLE_NS_ASSERTIONS = NO;
				ENABLE_STRICT_OBJC_MSGSEND = YES;
				GCC_C_LANGUAGE_STANDARD = gnu99;
				GCC_NO_COMMON_BLOCKS = YES;
				GCC_WARN_64_TO_32_BIT_CONVERSION = YES;
				GCC_WARN_ABOUT_RETURN_TYPE = YES_ERROR;
				GCC_WARN_UNDECLARED_SELECTOR = YES;
				GCC_WARN_UNINITIALIZED_AUTOS = YES_AGGRESSIVE;
				GCC_WARN_UNUSED_FUNCTION = YES;
				GCC_WARN_UNUSED_VARIABLE = YES;
				IPHONEOS_DEPLOYMENT_TARGET = 10.2;
				MTL_ENABLE_DEBUG_INFO = NO;
				SDKROOT = iphoneos;
				VALIDATE_PRODUCT = YES;
			};
			name = Release;
		};
		3F5204721E690B16002C13DA /* Debug */ = {
			isa = XCBuildConfiguration;
			buildSettings = {
				ASSETCATALOG_COMPILER_APPICON_NAME = AppIcon;
				DEVELOPMENT_TEAM = JVMFT5G5K6;
				INFOPLIST_FILE = DataTest/Info.plist;
				LD_RUNPATH_SEARCH_PATHS = "$(inherited) @executable_path/Frameworks";
				PRODUCT_BUNDLE_IDENTIFIER = com.Jereator.DataTest;
				PRODUCT_NAME = "$(TARGET_NAME)";
			};
			name = Debug;
		};
		3F5204731E690B16002C13DA /* Release */ = {
			isa = XCBuildConfiguration;
			buildSettings = {
				ASSETCATALOG_COMPILER_APPICON_NAME = AppIcon;
				DEVELOPMENT_TEAM = JVMFT5G5K6;
				INFOPLIST_FILE = DataTest/Info.plist;
				LD_RUNPATH_SEARCH_PATHS = "$(inherited) @executable_path/Frameworks";
				PRODUCT_BUNDLE_IDENTIFIER = com.Jereator.DataTest;
				PRODUCT_NAME = "$(TARGET_NAME)";
			};
			name = Release;
		};
/* End XCBuildConfiguration section */

/* Begin XCConfigurationList section */
		3F5204551E690B16002C13DA /* Build configuration list for PBXProject "DataTest" */ = {
			isa = XCConfigurationList;
			buildConfigurations = (
				3F52046F1E690B16002C13DA /* Debug */,
				3F5204701E690B16002C13DA /* Release */,
			);
			defaultConfigurationIsVisible = 0;
			defaultConfigurationName = Release;
		};
		3F5204711E690B16002C13DA /* Build configuration list for PBXNativeTarget "DataTest" */ = {
			isa = XCConfigurationList;
			buildConfigurations = (
				3F5204721E690B16002C13DA /* Debug */,
				3F5204731E690B16002C13DA /* Release */,
			);
			defaultConfigurationIsVisible = 0;
		};
/* End XCConfigurationList section */
	};
	rootObject = 3F5204521E690B16002C13DA /* Project object */;
}
