// !$*UTF8*$!
{
	archiveVersion = 1;
	classes = {
	};
	objectVersion = 46;
	objects = {

/* Begin PBXBuildFile section */
		3FB55BA81E6E823000BC932F /* main.m in Sources */ = {isa = PBXBuildFile; fileRef = 3FB55BA71E6E823000BC932F /* main.m */; };
		3FB55BAB1E6E823000BC932F /* AppDelegate.m in Sources */ = {isa = PBXBuildFile; fileRef = 3FB55BAA1E6E823000BC932F /* AppDelegate.m */; };
		3FB55BAE1E6E823000BC932F /* ViewController.m in Sources */ = {isa = PBXBuildFile; fileRef = 3FB55BAD1E6E823000BC932F /* ViewController.m */; };
		3FB55BB11E6E823000BC932F /* Main.storyboard in Resources */ = {isa = PBXBuildFile; fileRef = 3FB55BAF1E6E823000BC932F /* Main.storyboard */; };
		3FB55BB31E6E823000BC932F /* Assets.xcassets in Resources */ = {isa = PBXBuildFile; fileRef = 3FB55BB21E6E823000BC932F /* Assets.xcassets */; };
		3FB55BB61E6E823000BC932F /* LaunchScreen.storyboard in Resources */ = {isa = PBXBuildFile; fileRef = 3FB55BB41E6E823000BC932F /* LaunchScreen.storyboard */; };
		3FB55BBF1E6E825400BC932F /* MapKit.framework in Frameworks */ = {isa = PBXBuildFile; fileRef = 3FB55BBE1E6E825400BC932F /* MapKit.framework */; };
		3FB55BC11E6E878D00BC932F /* CoreLocation.framework in Frameworks */ = {isa = PBXBuildFile; fileRef = 3FB55BC01E6E878D00BC932F /* CoreLocation.framework */; };
		3FB55BC41E6E99B700BC932F /* Annotation.m in Sources */ = {isa = PBXBuildFile; fileRef = 3FB55BC31E6E99B700BC932F /* Annotation.m */; };
/* End PBXBuildFile section */

/* Begin PBXFileReference section */
		3FB55BA31E6E823000BC932F /* MapKit.app */ = {isa = PBXFileReference; explicitFileType = wrapper.application; includeInIndex = 0; path = MapKit.app; sourceTree = BUILT_PRODUCTS_DIR; };
		3FB55BA71E6E823000BC932F /* main.m */ = {isa = PBXFileReference; lastKnownFileType = sourcecode.c.objc; path = main.m; sourceTree = "<group>"; };
		3FB55BA91E6E823000BC932F /* AppDelegate.h */ = {isa = PBXFileReference; lastKnownFileType = sourcecode.c.h; path = AppDelegate.h; sourceTree = "<group>"; };
		3FB55BAA1E6E823000BC932F /* AppDelegate.m */ = {isa = PBXFileReference; lastKnownFileType = sourcecode.c.objc; path = AppDelegate.m; sourceTree = "<group>"; };
		3FB55BAC1E6E823000BC932F /* ViewController.h */ = {isa = PBXFileReference; lastKnownFileType = sourcecode.c.h; path = ViewController.h; sourceTree = "<group>"; };
		3FB55BAD1E6E823000BC932F /* ViewController.m */ = {isa = PBXFileReference; lastKnownFileType = sourcecode.c.objc; path = ViewController.m; sourceTree = "<group>"; };
		3FB55BB01E6E823000BC932F /* Base */ = {isa = PBXFileReference; lastKnownFileType = file.storyboard; name = Base; path = Base.lproj/Main.storyboard; sourceTree = "<group>"; };
		3FB55BB21E6E823000BC932F /* Assets.xcassets */ = {isa = PBXFileReference; lastKnownFileType = folder.assetcatalog; path = Assets.xcassets; sourceTree = "<group>"; };
		3FB55BB51E6E823000BC932F /* Base */ = {isa = PBXFileReference; lastKnownFileType = file.storyboard; name = Base; path = Base.lproj/LaunchScreen.storyboard; sourceTree = "<group>"; };
		3FB55BB71E6E823000BC932F /* Info.plist */ = {isa = PBXFileReference; lastKnownFileType = text.plist.xml; path = Info.plist; sourceTree = "<group>"; };
		3FB55BBE1E6E825400BC932F /* MapKit.framework */ = {isa = PBXFileReference; lastKnownFileType = wrapper.framework; name = MapKit.framework; path = System/Library/Frameworks/MapKit.framework; sourceTree = SDKROOT; };
		3FB55BC01E6E878D00BC932F /* CoreLocation.framework */ = {isa = PBXFileReference; lastKnownFileType = wrapper.framework; name = CoreLocation.framework; path = System/Library/Frameworks/CoreLocation.framework; sourceTree = SDKROOT; };
		3FB55BC21E6E99B700BC932F /* Annotation.h */ = {isa = PBXFileReference; fileEncoding = 4; lastKnownFileType = sourcecode.c.h; path = Annotation.h; sourceTree = "<group>"; };
		3FB55BC31E6E99B700BC932F /* Annotation.m */ = {isa = PBXFileReference; fileEncoding = 4; lastKnownFileType = sourcecode.c.objc; path = Annotation.m; sourceTree = "<group>"; };
/* End PBXFileReference section */

/* Begin PBXFrameworksBuildPhase section */
		3FB55BA01E6E823000BC932F /* Frameworks */ = {
			isa = PBXFrameworksBuildPhase;
			buildActionMask = 2147483647;
			files = (
				3FB55BC11E6E878D00BC932F /* CoreLocation.framework in Frameworks */,
				3FB55BBF1E6E825400BC932F /* MapKit.framework in Frameworks */,
			);
			runOnlyForDeploymentPostprocessing = 0;
		};
/* End PBXFrameworksBuildPhase section */

/* Begin PBXGroup section */
		3FB55B9A1E6E823000BC932F = {
			isa = PBXGroup;
			children = (
				3FB55BA51E6E823000BC932F /* MapKit */,
				3FB55BA41E6E823000BC932F /* Products */,
				3FB55BBD1E6E825400BC932F /* Frameworks */,
			);
			sourceTree = "<group>";
		};
		3FB55BA41E6E823000BC932F /* Products */ = {
			isa = PBXGroup;
			children = (
				3FB55BA31E6E823000BC932F /* MapKit.app */,
			);
			name = Products;
			sourceTree = "<group>";
		};
		3FB55BA51E6E823000BC932F /* MapKit */ = {
			isa = PBXGroup;
			children = (
				3FB55BA91E6E823000BC932F /* AppDelegate.h */,
				3FB55BAA1E6E823000BC932F /* AppDelegate.m */,
				3FB55BAC1E6E823000BC932F /* ViewController.h */,
				3FB55BAD1E6E823000BC932F /* ViewController.m */,
				3FB55BC21E6E99B700BC932F /* Annotation.h */,
				3FB55BC31E6E99B700BC932F /* Annotation.m */,
				3FB55BAF1E6E823000BC932F /* Main.storyboard */,
				3FB55BB21E6E823000BC932F /* Assets.xcassets */,
				3FB55BB41E6E823000BC932F /* LaunchScreen.storyboard */,
				3FB55BB71E6E823000BC932F /* Info.plist */,
				3FB55BA61E6E823000BC932F /* Supporting Files */,
			);
			path = MapKit;
			sourceTree = "<group>";
		};
		3FB55BA61E6E823000BC932F /* Supporting Files */ = {
			isa = PBXGroup;
			children = (
				3FB55BA71E6E823000BC932F /* main.m */,
			);
			name = "Supporting Files";
			sourceTree = "<group>";
		};
		3FB55BBD1E6E825400BC932F /* Frameworks */ = {
			isa = PBXGroup;
			children = (
				3FB55BC01E6E878D00BC932F /* CoreLocation.framework */,
				3FB55BBE1E6E825400BC932F /* MapKit.framework */,
			);
			name = Frameworks;
			sourceTree = "<group>";
		};
/* End PBXGroup section */

/* Begin PBXNativeTarget section */
		3FB55BA21E6E823000BC932F /* MapKit */ = {
			isa = PBXNativeTarget;
			buildConfigurationList = 3FB55BBA1E6E823000BC932F /* Build configuration list for PBXNativeTarget "MapKit" */;
			buildPhases = (
				3FB55B9F1E6E823000BC932F /* Sources */,
				3FB55BA01E6E823000BC932F /* Frameworks */,
				3FB55BA11E6E823000BC932F /* Resources */,
			);
			buildRules = (
			);
			dependencies = (
			);
			name = MapKit;
			productName = MapKit;
			productReference = 3FB55BA31E6E823000BC932F /* MapKit.app */;
			productType = "com.apple.product-type.application";
		};
/* End PBXNativeTarget section */

/* Begin PBXProject section */
		3FB55B9B1E6E823000BC932F /* Project object */ = {
			isa = PBXProject;
			attributes = {
				LastUpgradeCheck = 0820;
				ORGANIZATIONNAME = JeheonChoi;
				TargetAttributes = {
					3FB55BA21E6E823000BC932F = {
						CreatedOnToolsVersion = 8.2.1;
						DevelopmentTeam = NN7QXHC8A3;
						ProvisioningStyle = Automatic;
					};
				};
			};
			buildConfigurationList = 3FB55B9E1E6E823000BC932F /* Build configuration list for PBXProject "MapKit" */;
			compatibilityVersion = "Xcode 3.2";
			developmentRegion = English;
			hasScannedForEncodings = 0;
			knownRegions = (
				en,
				Base,
			);
			mainGroup = 3FB55B9A1E6E823000BC932F;
			productRefGroup = 3FB55BA41E6E823000BC932F /* Products */;
			projectDirPath = "";
			projectRoot = "";
			targets = (
				3FB55BA21E6E823000BC932F /* MapKit */,
			);
		};
/* End PBXProject section */

/* Begin PBXResourcesBuildPhase section */
		3FB55BA11E6E823000BC932F /* Resources */ = {
			isa = PBXResourcesBuildPhase;
			buildActionMask = 2147483647;
			files = (
				3FB55BB61E6E823000BC932F /* LaunchScreen.storyboard in Resources */,
				3FB55BB31E6E823000BC932F /* Assets.xcassets in Resources */,
				3FB55BB11E6E823000BC932F /* Main.storyboard in Resources */,
			);
			runOnlyForDeploymentPostprocessing = 0;
		};
/* End PBXResourcesBuildPhase section */

/* Begin PBXSourcesBuildPhase section */
		3FB55B9F1E6E823000BC932F /* Sources */ = {
			isa = PBXSourcesBuildPhase;
			buildActionMask = 2147483647;
			files = (
				3FB55BAE1E6E823000BC932F /* ViewController.m in Sources */,
				3FB55BAB1E6E823000BC932F /* AppDelegate.m in Sources */,
				3FB55BC41E6E99B700BC932F /* Annotation.m in Sources */,
				3FB55BA81E6E823000BC932F /* main.m in Sources */,
			);
			runOnlyForDeploymentPostprocessing = 0;
		};
/* End PBXSourcesBuildPhase section */

/* Begin PBXVariantGroup section */
		3FB55BAF1E6E823000BC932F /* Main.storyboard */ = {
			isa = PBXVariantGroup;
			children = (
				3FB55BB01E6E823000BC932F /* Base */,
			);
			name = Main.storyboard;
			sourceTree = "<group>";
		};
		3FB55BB41E6E823000BC932F /* LaunchScreen.storyboard */ = {
			isa = PBXVariantGroup;
			children = (
				3FB55BB51E6E823000BC932F /* Base */,
			);
			name = LaunchScreen.storyboard;
			sourceTree = "<group>";
		};
/* End PBXVariantGroup section */

/* Begin XCBuildConfiguration section */
		3FB55BB81E6E823000BC932F /* Debug */ = {
			isa = XCBuildConfiguration;
			buildSettings = {
				ALWAYS_SEARCH_USER_PATHS = NO;
				CLANG_ANALYZER_NONNULL = YES;
				CLANG_CXX_LANGUAGE_STANDARD = "gnu++0x";
				CLANG_CXX_LIBRARY = "libc++";
				CLANG_ENABLE_MODULES = YES;
				CLANG_ENABLE_OBJC_ARC = YES;
				CLANG_WARN_BOOL_CONVERSION = YES;
				CLANG_WARN_CONSTANT_CONVERSION = YES;
				CLANG_WARN_DIRECT_OBJC_ISA_USAGE = YES_ERROR;
				CLANG_WARN_DOCUMENTATION_COMMENTS = YES;
				CLANG_WARN_EMPTY_BODY = YES;
				CLANG_WARN_ENUM_CONVERSION = YES;
				CLANG_WARN_INFINITE_RECURSION = YES;
				CLANG_WARN_INT_CONVERSION = YES;
				CLANG_WARN_OBJC_ROOT_CLASS = YES_ERROR;
				CLANG_WARN_SUSPICIOUS_MOVE = YES;
				CLANG_WARN_UNREACHABLE_CODE = YES;
				CLANG_WARN__DUPLICATE_METHOD_MATCH = YES;
				"CODE_SIGN_IDENTITY[sdk=iphoneos*]" = "iPhone Developer";
				COPY_PHASE_STRIP = NO;
				DEBUG_INFORMATION_FORMAT = dwarf;
				ENABLE_STRICT_OBJC_MSGSEND = YES;
				ENABLE_TESTABILITY = YES;
				GCC_C_LANGUAGE_STANDARD = gnu99;
				GCC_DYNAMIC_NO_PIC = NO;
				GCC_NO_COMMON_BLOCKS = YES;
				GCC_OPTIMIZATION_LEVEL = 0;
				GCC_PREPROCESSOR_DEFINITIONS = (
					"DEBUG=1",
					"$(inherited)",
				);
				GCC_WARN_64_TO_32_BIT_CONVERSION = YES;
				GCC_WARN_ABOUT_RETURN_TYPE = YES_ERROR;
				GCC_WARN_UNDECLARED_SELECTOR = YES;
				GCC_WARN_UNINITIALIZED_AUTOS = YES_AGGRESSIVE;
				GCC_WARN_UNUSED_FUNCTION = YES;
				GCC_WARN_UNUSED_VARIABLE = YES;
				IPHONEOS_DEPLOYMENT_TARGET = 10.2;
				MTL_ENABLE_DEBUG_INFO = YES;
				ONLY_ACTIVE_ARCH = YES;
				SDKROOT = iphoneos;
			};
			name = Debug;
		};
		3FB55BB91E6E823000BC932F /* Release */ = {
			isa = XCBuildConfiguration;
			buildSettings = {
				ALWAYS_SEARCH_USER_PATHS = NO;
				CLANG_ANALYZER_NONNULL = YES;
				CLANG_CXX_LANGUAGE_STANDARD = "gnu++0x";
				CLANG_CXX_LIBRARY = "libc++";
				CLANG_ENABLE_MODULES = YES;
				CLANG_ENABLE_OBJC_ARC = YES;
				CLANG_WARN_BOOL_CONVERSION = YES;
				CLANG_WARN_CONSTANT_CONVERSION = YES;
				CLANG_WARN_DIRECT_OBJC_ISA_USAGE = YES_ERROR;
				CLANG_WARN_DOCUMENTATION_COMMENTS = YES;
				CLANG_WARN_EMPTY_BODY = YES;
				CLANG_WARN_ENUM_CONVERSION = YES;
				CLANG_WARN_INFINITE_RECURSION = YES;
				CLANG_WARN_INT_CONVERSION = YES;
				CLANG_WARN_OBJC_ROOT_CLASS = YES_ERROR;
				CLANG_WARN_SUSPICIOUS_MOVE = YES;
				CLANG_WARN_UNREACHABLE_CODE = YES;
				CLANG_WARN__DUPLICATE_METHOD_MATCH = YES;
				"CODE_SIGN_IDENTITY[sdk=iphoneos*]" = "iPhone Developer";
				COPY_PHASE_STRIP = NO;
				DEBUG_INFORMATION_FORMAT = "dwarf-with-dsym";
				ENABLE_NS_ASSERTIONS = NO;
				ENABLE_STRICT_OBJC_MSGSEND = YES;
				GCC_C_LANGUAGE_STANDARD = gnu99;
				GCC_NO_COMMON_BLOCKS = YES;
				GCC_WARN_64_TO_32_BIT_CONVERSION = YES;
				GCC_WARN_ABOUT_RETURN_TYPE = YES_ERROR;
				GCC_WARN_UNDECLARED_SELECTOR = YES;
				GCC_WARN_UNINITIALIZED_AUTOS = YES_AGGRESSIVE;
				GCC_WARN_UNUSED_FUNCTION = YES;
				GCC_WARN_UNUSED_VARIABLE = YES;
				IPHONEOS_DEPLOYMENT_TARGET = 10.2;
				MTL_ENABLE_DEBUG_INFO = NO;
				SDKROOT = iphoneos;
				VALIDATE_PRODUCT = YES;
			};
			name = Release;
		};
		3FB55BBB1E6E823000BC932F /* Debug */ = {
			isa = XCBuildConfiguration;
			buildSettings = {
				ASSETCATALOG_COMPILER_APPICON_NAME = AppIcon;
				DEVELOPMENT_TEAM = NN7QXHC8A3;
				INFOPLIST_FILE = MapKit/Info.plist;
				LD_RUNPATH_SEARCH_PATHS = "$(inherited) @executable_path/Frameworks";
				PRODUCT_BUNDLE_IDENTIFIER = com.Jereator.MapKit;
				PRODUCT_NAME = "$(TARGET_NAME)";
			};
			name = Debug;
		};
		3FB55BBC1E6E823000BC932F /* Release */ = {
			isa = XCBuildConfiguration;
			buildSettings = {
				ASSETCATALOG_COMPILER_APPICON_NAME = AppIcon;
				DEVELOPMENT_TEAM = NN7QXHC8A3;
				INFOPLIST_FILE = MapKit/Info.plist;
				LD_RUNPATH_SEARCH_PATHS = "$(inherited) @executable_path/Frameworks";
				PRODUCT_BUNDLE_IDENTIFIER = com.Jereator.MapKit;
				PRODUCT_NAME = "$(TARGET_NAME)";
			};
			name = Release;
		};
/* End XCBuildConfiguration section */

/* Begin XCConfigurationList section */
		3FB55B9E1E6E823000BC932F /* Build configuration list for PBXProject "MapKit" */ = {
			isa = XCConfigurationList;
			buildConfigurations = (
				3FB55BB81E6E823000BC932F /* Debug */,
				3FB55BB91E6E823000BC932F /* Release */,
			);
			defaultConfigurationIsVisible = 0;
			defaultConfigurationName = Release;
		};
		3FB55BBA1E6E823000BC932F /* Build configuration list for PBXNativeTarget "MapKit" */ = {
			isa = XCConfigurationList;
			buildConfigurations = (
				3FB55BBB1E6E823000BC932F /* Debug */,
				3FB55BBC1E6E823000BC932F /* Release */,
			);
			defaultConfigurationIsVisible = 0;
		};
/* End XCConfigurationList section */
	};
	rootObject = 3FB55B9B1E6E823000BC932F /* Project object */;
}
