// !$*UTF8*$!
{
	archiveVersion = 1;
	classes = {
	};
	objectVersion = 46;
	objects = {

/* Begin PBXBuildFile section */
		3FE206C91E31E0A500A2E633 /* main.m in Sources */ = {isa = PBXBuildFile; fileRef = 3FE206C81E31E0A500A2E633 /* main.m */; };
		3FE206D11E31E0B900A2E633 /* Person.m in Sources */ = {isa = PBXBuildFile; fileRef = 3FE206D01E31E0B900A2E633 /* Person.m */; };
		3FE206D41E31E0C400A2E633 /* Bank.m in Sources */ = {isa = PBXBuildFile; fileRef = 3FE206D31E31E0C400A2E633 /* Bank.m */; };
		3FE206D71E31E0D100A2E633 /* Man.m in Sources */ = {isa = PBXBuildFile; fileRef = 3FE206D61E31E0D100A2E633 /* Man.m */; };
		3FE206DA1E31E0DC00A2E633 /* Woman.m in Sources */ = {isa = PBXBuildFile; fileRef = 3FE206D91E31E0DC00A2E633 /* Woman.m */; };
/* End PBXBuildFile section */

/* Begin PBXCopyFilesBuildPhase section */
		3FE206C31E31E0A500A2E633 /* CopyFiles */ = {
			isa = PBXCopyFilesBuildPhase;
			buildActionMask = 2147483647;
			dstPath = /usr/share/man/man1/;
			dstSubfolderSpec = 0;
			files = (
			);
			runOnlyForDeploymentPostprocessing = 1;
		};
/* End PBXCopyFilesBuildPhase section */

/* Begin PBXFileReference section */
		3FE206C51E31E0A500A2E633 /* Test */ = {isa = PBXFileReference; explicitFileType = "compiled.mach-o.executable"; includeInIndex = 0; path = Test; sourceTree = BUILT_PRODUCTS_DIR; };
		3FE206C81E31E0A500A2E633 /* main.m */ = {isa = PBXFileReference; lastKnownFileType = sourcecode.c.objc; path = main.m; sourceTree = "<group>"; };
		3FE206CF1E31E0B900A2E633 /* Person.h */ = {isa = PBXFileReference; fileEncoding = 4; lastKnownFileType = sourcecode.c.h; path = Person.h; sourceTree = "<group>"; };
		3FE206D01E31E0B900A2E633 /* Person.m */ = {isa = PBXFileReference; fileEncoding = 4; lastKnownFileType = sourcecode.c.objc; path = Person.m; sourceTree = "<group>"; };
		3FE206D21E31E0C400A2E633 /* Bank.h */ = {isa = PBXFileReference; fileEncoding = 4; lastKnownFileType = sourcecode.c.h; path = Bank.h; sourceTree = "<group>"; };
		3FE206D31E31E0C400A2E633 /* Bank.m */ = {isa = PBXFileReference; fileEncoding = 4; lastKnownFileType = sourcecode.c.objc; path = Bank.m; sourceTree = "<group>"; };
		3FE206D51E31E0D100A2E633 /* Man.h */ = {isa = PBXFileReference; fileEncoding = 4; lastKnownFileType = sourcecode.c.h; path = Man.h; sourceTree = "<group>"; };
		3FE206D61E31E0D100A2E633 /* Man.m */ = {isa = PBXFileReference; fileEncoding = 4; lastKnownFileType = sourcecode.c.objc; path = Man.m; sourceTree = "<group>"; };
		3FE206D81E31E0DC00A2E633 /* Woman.h */ = {isa = PBXFileReference; fileEncoding = 4; lastKnownFileType = sourcecode.c.h; path = Woman.h; sourceTree = "<group>"; };
		3FE206D91E31E0DC00A2E633 /* Woman.m */ = {isa = PBXFileReference; fileEncoding = 4; lastKnownFileType = sourcecode.c.objc; path = Woman.m; sourceTree = "<group>"; };
/* End PBXFileReference section */

/* Begin PBXFrameworksBuildPhase section */
		3FE206C21E31E0A500A2E633 /* Frameworks */ = {
			isa = PBXFrameworksBuildPhase;
			buildActionMask = 2147483647;
			files = (
			);
			runOnlyForDeploymentPostprocessing = 0;
		};
/* End PBXFrameworksBuildPhase section */

/* Begin PBXGroup section */
		3FE206BC1E31E0A500A2E633 = {
			isa = PBXGroup;
			children = (
				3FE206C71E31E0A500A2E633 /* Test */,
				3FE206C61E31E0A500A2E633 /* Products */,
			);
			sourceTree = "<group>";
		};
		3FE206C61E31E0A500A2E633 /* Products */ = {
			isa = PBXGroup;
			children = (
				3FE206C51E31E0A500A2E633 /* Test */,
			);
			name = Products;
			sourceTree = "<group>";
		};
		3FE206C71E31E0A500A2E633 /* Test */ = {
			isa = PBXGroup;
			children = (
				3FE206C81E31E0A500A2E633 /* main.m */,
				3FE206CF1E31E0B900A2E633 /* Person.h */,
				3FE206D01E31E0B900A2E633 /* Person.m */,
				3FE206D21E31E0C400A2E633 /* Bank.h */,
				3FE206D31E31E0C400A2E633 /* Bank.m */,
				3FE206D51E31E0D100A2E633 /* Man.h */,
				3FE206D61E31E0D100A2E633 /* Man.m */,
				3FE206D81E31E0DC00A2E633 /* Woman.h */,
				3FE206D91E31E0DC00A2E633 /* Woman.m */,
			);
			path = Test;
			sourceTree = "<group>";
		};
/* End PBXGroup section */

/* Begin PBXNativeTarget section */
		3FE206C41E31E0A500A2E633 /* Test */ = {
			isa = PBXNativeTarget;
			buildConfigurationList = 3FE206CC1E31E0A500A2E633 /* Build configuration list for PBXNativeTarget "Test" */;
			buildPhases = (
				3FE206C11E31E0A500A2E633 /* Sources */,
				3FE206C21E31E0A500A2E633 /* Frameworks */,
				3FE206C31E31E0A500A2E633 /* CopyFiles */,
			);
			buildRules = (
			);
			dependencies = (
			);
			name = Test;
			productName = Test;
			productReference = 3FE206C51E31E0A500A2E633 /* Test */;
			productType = "com.apple.product-type.tool";
		};
/* End PBXNativeTarget section */

/* Begin PBXProject section */
		3FE206BD1E31E0A500A2E633 /* Project object */ = {
			isa = PBXProject;
			attributes = {
				LastUpgradeCheck = 0820;
				ORGANIZATIONNAME = JeheonChoi;
				TargetAttributes = {
					3FE206C41E31E0A500A2E633 = {
						CreatedOnToolsVersion = 8.2.1;
						ProvisioningStyle = Automatic;
					};
				};
			};
			buildConfigurationList = 3FE206C01E31E0A500A2E633 /* Build configuration list for PBXProject "Test" */;
			compatibilityVersion = "Xcode 3.2";
			developmentRegion = English;
			hasScannedForEncodings = 0;
			knownRegions = (
				en,
			);
			mainGroup = 3FE206BC1E31E0A500A2E633;
			productRefGroup = 3FE206C61E31E0A500A2E633 /* Products */;
			projectDirPath = "";
			projectRoot = "";
			targets = (
				3FE206C41E31E0A500A2E633 /* Test */,
			);
		};
/* End PBXProject section */

/* Begin PBXSourcesBuildPhase section */
		3FE206C11E31E0A500A2E633 /* Sources */ = {
			isa = PBXSourcesBuildPhase;
			buildActionMask = 2147483647;
			files = (
				3FE206D71E31E0D100A2E633 /* Man.m in Sources */,
				3FE206D11E31E0B900A2E633 /* Person.m in Sources */,
				3FE206C91E31E0A500A2E633 /* main.m in Sources */,
				3FE206D41E31E0C400A2E633 /* Bank.m in Sources */,
				3FE206DA1E31E0DC00A2E633 /* Woman.m in Sources */,
			);
			runOnlyForDeploymentPostprocessing = 0;
		};
/* End PBXSourcesBuildPhase section */

/* Begin XCBuildConfiguration section */
		3FE206CA1E31E0A500A2E633 /* Debug */ = {
			isa = XCBuildConfiguration;
			buildSettings = {
				ALWAYS_SEARCH_USER_PATHS = NO;
				CLANG_ANALYZER_NONNULL = YES;
				CLANG_CXX_LANGUAGE_STANDARD = "gnu++0x";
				CLANG_CXX_LIBRARY = "libc++";
				CLANG_ENABLE_MODULES = YES;
				CLANG_ENABLE_OBJC_ARC = YES;
				CLANG_WARN_BOOL_CONVERSION = YES;
				CLANG_WARN_CONSTANT_CONVERSION = YES;
				CLANG_WARN_DIRECT_OBJC_ISA_USAGE = YES_ERROR;
				CLANG_WARN_DOCUMENTATION_COMMENTS = YES;
				CLANG_WARN_EMPTY_BODY = YES;
				CLANG_WARN_ENUM_CONVERSION = YES;
				CLANG_WARN_INFINITE_RECURSION = YES;
				CLANG_WARN_INT_CONVERSION = YES;
				CLANG_WARN_OBJC_ROOT_CLASS = YES_ERROR;
				CLANG_WARN_SUSPICIOUS_MOVE = YES;
				CLANG_WARN_UNREACHABLE_CODE = YES;
				CLANG_WARN__DUPLICATE_METHOD_MATCH = YES;
				CODE_SIGN_IDENTITY = "-";
				COPY_PHASE_STRIP = NO;
				DEBUG_INFORMATION_FORMAT = dwarf;
				ENABLE_STRICT_OBJC_MSGSEND = YES;
				ENABLE_TESTABILITY = YES;
				GCC_C_LANGUAGE_STANDARD = gnu99;
				GCC_DYNAMIC_NO_PIC = NO;
				GCC_NO_COMMON_BLOCKS = YES;
				GCC_OPTIMIZATION_LEVEL = 0;
				GCC_PREPROCESSOR_DEFINITIONS = (
					"DEBUG=1",
					"$(inherited)",
				);
				GCC_WARN_64_TO_32_BIT_CONVERSION = YES;
				GCC_WARN_ABOUT_RETURN_TYPE = YES_ERROR;
				GCC_WARN_UNDECLARED_SELECTOR = YES;
				GCC_WARN_UNINITIALIZED_AUTOS = YES_AGGRESSIVE;
				GCC_WARN_UNUSED_FUNCTION = YES;
				GCC_WARN_UNUSED_VARIABLE = YES;
				MACOSX_DEPLOYMENT_TARGET = 10.12;
				MTL_ENABLE_DEBUG_INFO = YES;
				ONLY_ACTIVE_ARCH = YES;
				SDKROOT = macosx;
			};
			name = Debug;
		};
		3FE206CB1E31E0A500A2E633 /* Release */ = {
			isa = XCBuildConfiguration;
			buildSettings = {
				ALWAYS_SEARCH_USER_PATHS = NO;
				CLANG_ANALYZER_NONNULL = YES;
				CLANG_CXX_LANGUAGE_STANDARD = "gnu++0x";
				CLANG_CXX_LIBRARY = "libc++";
				CLANG_ENABLE_MODULES = YES;
				CLANG_ENABLE_OBJC_ARC = YES;
				CLANG_WARN_BOOL_CONVERSION = YES;
				CLANG_WARN_CONSTANT_CONVERSION = YES;
				CLANG_WARN_DIRECT_OBJC_ISA_USAGE = YES_ERROR;
				CLANG_WARN_DOCUMENTATION_COMMENTS = YES;
				CLANG_WARN_EMPTY_BODY = YES;
				CLANG_WARN_ENUM_CONVERSION = YES;
				CLANG_WARN_INFINITE_RECURSION = YES;
				CLANG_WARN_INT_CONVERSION = YES;
				CLANG_WARN_OBJC_ROOT_CLASS = YES_ERROR;
				CLANG_WARN_SUSPICIOUS_MOVE = YES;
				CLANG_WARN_UNREACHABLE_CODE = YES;
				CLANG_WARN__DUPLICATE_METHOD_MATCH = YES;
				CODE_SIGN_IDENTITY = "-";
				COPY_PHASE_STRIP = NO;
				DEBUG_INFORMATION_FORMAT = "dwarf-with-dsym";
				ENABLE_NS_ASSERTIONS = NO;
				ENABLE_STRICT_OBJC_MSGSEND = YES;
				GCC_C_LANGUAGE_STANDARD = gnu99;
				GCC_NO_COMMON_BLOCKS = YES;
				GCC_WARN_64_TO_32_BIT_CONVERSION = YES;
				GCC_WARN_ABOUT_RETURN_TYPE = YES_ERROR;
				GCC_WARN_UNDECLARED_SELECTOR = YES;
				GCC_WARN_UNINITIALIZED_AUTOS = YES_AGGRESSIVE;
				GCC_WARN_UNUSED_FUNCTION = YES;
				GCC_WARN_UNUSED_VARIABLE = YES;
				MACOSX_DEPLOYMENT_TARGET = 10.12;
				MTL_ENABLE_DEBUG_INFO = NO;
				SDKROOT = macosx;
			};
			name = Release;
		};
		3FE206CD1E31E0A500A2E633 /* Debug */ = {
			isa = XCBuildConfiguration;
			buildSettings = {
				PRODUCT_NAME = "$(TARGET_NAME)";
			};
			name = Debug;
		};
		3FE206CE1E31E0A500A2E633 /* Release */ = {
			isa = XCBuildConfiguration;
			buildSettings = {
				PRODUCT_NAME = "$(TARGET_NAME)";
			};
			name = Release;
		};
/* End XCBuildConfiguration section */

/* Begin XCConfigurationList section */
		3FE206C01E31E0A500A2E633 /* Build configuration list for PBXProject "Test" */ = {
			isa = XCConfigurationList;
			buildConfigurations = (
				3FE206CA1E31E0A500A2E633 /* Debug */,
				3FE206CB1E31E0A500A2E633 /* Release */,
			);
			defaultConfigurationIsVisible = 0;
			defaultConfigurationName = Release;
		};
		3FE206CC1E31E0A500A2E633 /* Build configuration list for PBXNativeTarget "Test" */ = {
			isa = XCConfigurationList;
			buildConfigurations = (
				3FE206CD1E31E0A500A2E633 /* Debug */,
				3FE206CE1E31E0A500A2E633 /* Release */,
			);
			defaultConfigurationIsVisible = 0;
		};
/* End XCConfigurationList section */
	};
	rootObject = 3FE206BD1E31E0A500A2E633 /* Project object */;
}
