// !$*UTF8*$!
{
	archiveVersion = 1;
	classes = {
	};
	objectVersion = 46;
	objects = {

/* Begin PBXBuildFile section */
		3F12E5231E55772E008DC32F /* main.m in Sources */ = {isa = PBXBuildFile; fileRef = 3F12E5221E55772E008DC32F /* main.m */; };
		3F12E5261E55772E008DC32F /* AppDelegate.m in Sources */ = {isa = PBXBuildFile; fileRef = 3F12E5251E55772E008DC32F /* AppDelegate.m */; };
		3F12E5291E55772E008DC32F /* ViewController.m in Sources */ = {isa = PBXBuildFile; fileRef = 3F12E5281E55772E008DC32F /* ViewController.m */; };
		3F12E52C1E55772E008DC32F /* Main.storyboard in Resources */ = {isa = PBXBuildFile; fileRef = 3F12E52A1E55772E008DC32F /* Main.storyboard */; };
		3F12E52E1E55772E008DC32F /* Assets.xcassets in Resources */ = {isa = PBXBuildFile; fileRef = 3F12E52D1E55772E008DC32F /* Assets.xcassets */; };
		3F12E7001E55827B008DC32F /* 1.png in Resources */ = {isa = PBXBuildFile; fileRef = 3F12E6691E55827B008DC32F /* 1.png */; };
		3F12E7011E55827B008DC32F /* 2.png in Resources */ = {isa = PBXBuildFile; fileRef = 3F12E66A1E55827B008DC32F /* 2.png */; };
		3F12E7021E55827B008DC32F /* 3.png in Resources */ = {isa = PBXBuildFile; fileRef = 3F12E66B1E55827B008DC32F /* 3.png */; };
		3F12E7031E55827B008DC32F /* 4.png in Resources */ = {isa = PBXBuildFile; fileRef = 3F12E66C1E55827B008DC32F /* 4.png */; };
		3F12E7041E55827B008DC32F /* 5.png in Resources */ = {isa = PBXBuildFile; fileRef = 3F12E66D1E55827B008DC32F /* 5.png */; };
		3F12E7051E55827B008DC32F /* 6.png in Resources */ = {isa = PBXBuildFile; fileRef = 3F12E66E1E55827B008DC32F /* 6.png */; };
		3F12E7061E55827B008DC32F /* 7.png in Resources */ = {isa = PBXBuildFile; fileRef = 3F12E66F1E55827B008DC32F /* 7.png */; };
		3F12E7071E55827B008DC32F /* 8.png in Resources */ = {isa = PBXBuildFile; fileRef = 3F12E6701E55827B008DC32F /* 8.png */; };
		3F12E7081E55827B008DC32F /* 9.png in Resources */ = {isa = PBXBuildFile; fileRef = 3F12E6711E55827B008DC32F /* 9.png */; };
		3F12E7091E55827B008DC32F /* 10.png in Resources */ = {isa = PBXBuildFile; fileRef = 3F12E6721E55827B008DC32F /* 10.png */; };
		3F12E70A1E55827B008DC32F /* 11.png in Resources */ = {isa = PBXBuildFile; fileRef = 3F12E6731E55827B008DC32F /* 11.png */; };
		3F12E70B1E55827B008DC32F /* 12.png in Resources */ = {isa = PBXBuildFile; fileRef = 3F12E6741E55827B008DC32F /* 12.png */; };
		3F12E70C1E55827B008DC32F /* 13.png in Resources */ = {isa = PBXBuildFile; fileRef = 3F12E6751E55827B008DC32F /* 13.png */; };
		3F12E70D1E55827B008DC32F /* 14.png in Resources */ = {isa = PBXBuildFile; fileRef = 3F12E6761E55827B008DC32F /* 14.png */; };
		3F12E70E1E55827B008DC32F /* 15.png in Resources */ = {isa = PBXBuildFile; fileRef = 3F12E6771E55827B008DC32F /* 15.png */; };
		3F12E70F1E55827B008DC32F /* 16.png in Resources */ = {isa = PBXBuildFile; fileRef = 3F12E6781E55827B008DC32F /* 16.png */; };
		3F12E7101E55827B008DC32F /* 17.png in Resources */ = {isa = PBXBuildFile; fileRef = 3F12E6791E55827B008DC32F /* 17.png */; };
		3F12E7111E55827B008DC32F /* 18.png in Resources */ = {isa = PBXBuildFile; fileRef = 3F12E67A1E55827B008DC32F /* 18.png */; };
		3F12E7121E55827B008DC32F /* 19.png in Resources */ = {isa = PBXBuildFile; fileRef = 3F12E67B1E55827B008DC32F /* 19.png */; };
		3F12E7131E55827B008DC32F /* 20.png in Resources */ = {isa = PBXBuildFile; fileRef = 3F12E67C1E55827B008DC32F /* 20.png */; };
		3F12E7141E55827B008DC32F /* 21.png in Resources */ = {isa = PBXBuildFile; fileRef = 3F12E67D1E55827B008DC32F /* 21.png */; };
		3F12E7151E55827B008DC32F /* 22.png in Resources */ = {isa = PBXBuildFile; fileRef = 3F12E67E1E55827B008DC32F /* 22.png */; };
		3F12E7161E55827B008DC32F /* 23.png in Resources */ = {isa = PBXBuildFile; fileRef = 3F12E67F1E55827B008DC32F /* 23.png */; };
		3F12E7171E55827B008DC32F /* 24.png in Resources */ = {isa = PBXBuildFile; fileRef = 3F12E6801E55827B008DC32F /* 24.png */; };
		3F12E7181E55827B008DC32F /* 25.png in Resources */ = {isa = PBXBuildFile; fileRef = 3F12E6811E55827B008DC32F /* 25.png */; };
		3F12E7191E55827B008DC32F /* 26.png in Resources */ = {isa = PBXBuildFile; fileRef = 3F12E6821E55827B008DC32F /* 26.png */; };
		3F12E71A1E55827B008DC32F /* 27.png in Resources */ = {isa = PBXBuildFile; fileRef = 3F12E6831E55827B008DC32F /* 27.png */; };
		3F12E71B1E55827B008DC32F /* 28.png in Resources */ = {isa = PBXBuildFile; fileRef = 3F12E6841E55827B008DC32F /* 28.png */; };
		3F12E71C1E55827B008DC32F /* 29.png in Resources */ = {isa = PBXBuildFile; fileRef = 3F12E6851E55827B008DC32F /* 29.png */; };
		3F12E71D1E55827B008DC32F /* 30.png in Resources */ = {isa = PBXBuildFile; fileRef = 3F12E6861E55827B008DC32F /* 30.png */; };
		3F12E71E1E55827B008DC32F /* 31.png in Resources */ = {isa = PBXBuildFile; fileRef = 3F12E6871E55827B008DC32F /* 31.png */; };
		3F12E71F1E55827B008DC32F /* 32.png in Resources */ = {isa = PBXBuildFile; fileRef = 3F12E6881E55827B008DC32F /* 32.png */; };
		3F12E7201E55827B008DC32F /* 33.png in Resources */ = {isa = PBXBuildFile; fileRef = 3F12E6891E55827B008DC32F /* 33.png */; };
		3F12E7211E55827B008DC32F /* 34.png in Resources */ = {isa = PBXBuildFile; fileRef = 3F12E68A1E55827B008DC32F /* 34.png */; };
		3F12E7221E55827B008DC32F /* 35.png in Resources */ = {isa = PBXBuildFile; fileRef = 3F12E68B1E55827B008DC32F /* 35.png */; };
		3F12E7231E55827B008DC32F /* 36.png in Resources */ = {isa = PBXBuildFile; fileRef = 3F12E68C1E55827B008DC32F /* 36.png */; };
		3F12E7241E55827B008DC32F /* 37.png in Resources */ = {isa = PBXBuildFile; fileRef = 3F12E68D1E55827B008DC32F /* 37.png */; };
		3F12E7251E55827B008DC32F /* 38.png in Resources */ = {isa = PBXBuildFile; fileRef = 3F12E68E1E55827B008DC32F /* 38.png */; };
		3F12E7261E55827B008DC32F /* 39.png in Resources */ = {isa = PBXBuildFile; fileRef = 3F12E68F1E55827B008DC32F /* 39.png */; };
		3F12E7271E55827B008DC32F /* 40.png in Resources */ = {isa = PBXBuildFile; fileRef = 3F12E6901E55827B008DC32F /* 40.png */; };
		3F12E7281E55827B008DC32F /* 41.png in Resources */ = {isa = PBXBuildFile; fileRef = 3F12E6911E55827B008DC32F /* 41.png */; };
		3F12E7291E55827B008DC32F /* 42.png in Resources */ = {isa = PBXBuildFile; fileRef = 3F12E6921E55827B008DC32F /* 42.png */; };
		3F12E72A1E55827B008DC32F /* 43.png in Resources */ = {isa = PBXBuildFile; fileRef = 3F12E6931E55827B008DC32F /* 43.png */; };
		3F12E72B1E55827B008DC32F /* 44.png in Resources */ = {isa = PBXBuildFile; fileRef = 3F12E6941E55827B008DC32F /* 44.png */; };
		3F12E72C1E55827B008DC32F /* 45.png in Resources */ = {isa = PBXBuildFile; fileRef = 3F12E6951E55827B008DC32F /* 45.png */; };
		3F12E72D1E55827B008DC32F /* 46.png in Resources */ = {isa = PBXBuildFile; fileRef = 3F12E6961E55827B008DC32F /* 46.png */; };
		3F12E72E1E55827B008DC32F /* 47.png in Resources */ = {isa = PBXBuildFile; fileRef = 3F12E6971E55827B008DC32F /* 47.png */; };
		3F12E72F1E55827B008DC32F /* 48.png in Resources */ = {isa = PBXBuildFile; fileRef = 3F12E6981E55827B008DC32F /* 48.png */; };
		3F12E7301E55827B008DC32F /* 49.png in Resources */ = {isa = PBXBuildFile; fileRef = 3F12E6991E55827B008DC32F /* 49.png */; };
		3F12E7311E55827B008DC32F /* 50.png in Resources */ = {isa = PBXBuildFile; fileRef = 3F12E69A1E55827B008DC32F /* 50.png */; };
		3F12E7321E55827B008DC32F /* 51.png in Resources */ = {isa = PBXBuildFile; fileRef = 3F12E69B1E55827B008DC32F /* 51.png */; };
		3F12E7331E55827B008DC32F /* 52.png in Resources */ = {isa = PBXBuildFile; fileRef = 3F12E69C1E55827B008DC32F /* 52.png */; };
		3F12E7341E55827B008DC32F /* 53.png in Resources */ = {isa = PBXBuildFile; fileRef = 3F12E69D1E55827B008DC32F /* 53.png */; };
		3F12E7351E55827B008DC32F /* 54.png in Resources */ = {isa = PBXBuildFile; fileRef = 3F12E69E1E55827B008DC32F /* 54.png */; };
		3F12E7361E55827B008DC32F /* 55.png in Resources */ = {isa = PBXBuildFile; fileRef = 3F12E69F1E55827B008DC32F /* 55.png */; };
		3F12E7371E55827B008DC32F /* 56.png in Resources */ = {isa = PBXBuildFile; fileRef = 3F12E6A01E55827B008DC32F /* 56.png */; };
		3F12E7381E55827B008DC32F /* 57.png in Resources */ = {isa = PBXBuildFile; fileRef = 3F12E6A11E55827B008DC32F /* 57.png */; };
		3F12E7391E55827B008DC32F /* 58.png in Resources */ = {isa = PBXBuildFile; fileRef = 3F12E6A21E55827B008DC32F /* 58.png */; };
		3F12E73A1E55827B008DC32F /* 59.png in Resources */ = {isa = PBXBuildFile; fileRef = 3F12E6A31E55827B008DC32F /* 59.png */; };
		3F12E73B1E55827B008DC32F /* 60.png in Resources */ = {isa = PBXBuildFile; fileRef = 3F12E6A41E55827B008DC32F /* 60.png */; };
		3F12E73C1E55827B008DC32F /* 61.png in Resources */ = {isa = PBXBuildFile; fileRef = 3F12E6A51E55827B008DC32F /* 61.png */; };
		3F12E73D1E55827B008DC32F /* 62.png in Resources */ = {isa = PBXBuildFile; fileRef = 3F12E6A61E55827B008DC32F /* 62.png */; };
		3F12E73E1E55827B008DC32F /* 63.png in Resources */ = {isa = PBXBuildFile; fileRef = 3F12E6A71E55827B008DC32F /* 63.png */; };
		3F12E73F1E55827B008DC32F /* 64.png in Resources */ = {isa = PBXBuildFile; fileRef = 3F12E6A81E55827B008DC32F /* 64.png */; };
		3F12E7401E55827B008DC32F /* 65.png in Resources */ = {isa = PBXBuildFile; fileRef = 3F12E6A91E55827B008DC32F /* 65.png */; };
		3F12E7411E55827B008DC32F /* 66.png in Resources */ = {isa = PBXBuildFile; fileRef = 3F12E6AA1E55827B008DC32F /* 66.png */; };
		3F12E7421E55827B008DC32F /* 67.png in Resources */ = {isa = PBXBuildFile; fileRef = 3F12E6AB1E55827B008DC32F /* 67.png */; };
		3F12E7431E55827B008DC32F /* 68.png in Resources */ = {isa = PBXBuildFile; fileRef = 3F12E6AC1E55827B008DC32F /* 68.png */; };
		3F12E7441E55827B008DC32F /* 69.png in Resources */ = {isa = PBXBuildFile; fileRef = 3F12E6AD1E55827B008DC32F /* 69.png */; };
		3F12E7451E55827B008DC32F /* 70.png in Resources */ = {isa = PBXBuildFile; fileRef = 3F12E6AE1E55827B008DC32F /* 70.png */; };
		3F12E7461E55827B008DC32F /* 71.png in Resources */ = {isa = PBXBuildFile; fileRef = 3F12E6AF1E55827B008DC32F /* 71.png */; };
		3F12E7471E55827B008DC32F /* 72.png in Resources */ = {isa = PBXBuildFile; fileRef = 3F12E6B01E55827B008DC32F /* 72.png */; };
		3F12E7481E55827B008DC32F /* 73.png in Resources */ = {isa = PBXBuildFile; fileRef = 3F12E6B11E55827B008DC32F /* 73.png */; };
		3F12E7491E55827B008DC32F /* 74.png in Resources */ = {isa = PBXBuildFile; fileRef = 3F12E6B21E55827B008DC32F /* 74.png */; };
		3F12E74A1E55827B008DC32F /* 75.png in Resources */ = {isa = PBXBuildFile; fileRef = 3F12E6B31E55827B008DC32F /* 75.png */; };
		3F12E74B1E55827B008DC32F /* 76.png in Resources */ = {isa = PBXBuildFile; fileRef = 3F12E6B41E55827B008DC32F /* 76.png */; };
		3F12E74C1E55827B008DC32F /* 77.png in Resources */ = {isa = PBXBuildFile; fileRef = 3F12E6B51E55827B008DC32F /* 77.png */; };
		3F12E74D1E55827B008DC32F /* 78.png in Resources */ = {isa = PBXBuildFile; fileRef = 3F12E6B61E55827B008DC32F /* 78.png */; };
		3F12E74E1E55827B008DC32F /* 79.png in Resources */ = {isa = PBXBuildFile; fileRef = 3F12E6B71E55827B008DC32F /* 79.png */; };
		3F12E74F1E55827B008DC32F /* 80.png in Resources */ = {isa = PBXBuildFile; fileRef = 3F12E6B81E55827B008DC32F /* 80.png */; };
		3F12E7501E55827B008DC32F /* 81.png in Resources */ = {isa = PBXBuildFile; fileRef = 3F12E6B91E55827B008DC32F /* 81.png */; };
		3F12E7511E55827B008DC32F /* 82.png in Resources */ = {isa = PBXBuildFile; fileRef = 3F12E6BA1E55827B008DC32F /* 82.png */; };
		3F12E7521E55827B008DC32F /* 83.png in Resources */ = {isa = PBXBuildFile; fileRef = 3F12E6BB1E55827B008DC32F /* 83.png */; };
		3F12E7531E55827B008DC32F /* 84.png in Resources */ = {isa = PBXBuildFile; fileRef = 3F12E6BC1E55827B008DC32F /* 84.png */; };
		3F12E7541E55827B008DC32F /* 85.png in Resources */ = {isa = PBXBuildFile; fileRef = 3F12E6BD1E55827B008DC32F /* 85.png */; };
		3F12E7551E55827B008DC32F /* 86.png in Resources */ = {isa = PBXBuildFile; fileRef = 3F12E6BE1E55827B008DC32F /* 86.png */; };
		3F12E7561E55827B008DC32F /* 87.png in Resources */ = {isa = PBXBuildFile; fileRef = 3F12E6BF1E55827B008DC32F /* 87.png */; };
		3F12E7571E55827B008DC32F /* 88.png in Resources */ = {isa = PBXBuildFile; fileRef = 3F12E6C01E55827B008DC32F /* 88.png */; };
		3F12E7581E55827B008DC32F /* 89.png in Resources */ = {isa = PBXBuildFile; fileRef = 3F12E6C11E55827B008DC32F /* 89.png */; };
		3F12E7591E55827B008DC32F /* 90.png in Resources */ = {isa = PBXBuildFile; fileRef = 3F12E6C21E55827B008DC32F /* 90.png */; };
		3F12E75A1E55827B008DC32F /* 91.png in Resources */ = {isa = PBXBuildFile; fileRef = 3F12E6C31E55827B008DC32F /* 91.png */; };
		3F12E75B1E55827B008DC32F /* 92.png in Resources */ = {isa = PBXBuildFile; fileRef = 3F12E6C41E55827B008DC32F /* 92.png */; };
		3F12E75C1E55827B008DC32F /* 93.png in Resources */ = {isa = PBXBuildFile; fileRef = 3F12E6C51E55827B008DC32F /* 93.png */; };
		3F12E75D1E55827B008DC32F /* 94.png in Resources */ = {isa = PBXBuildFile; fileRef = 3F12E6C61E55827B008DC32F /* 94.png */; };
		3F12E75E1E55827B008DC32F /* 95.png in Resources */ = {isa = PBXBuildFile; fileRef = 3F12E6C71E55827B008DC32F /* 95.png */; };
		3F12E75F1E55827B008DC32F /* 96.png in Resources */ = {isa = PBXBuildFile; fileRef = 3F12E6C81E55827B008DC32F /* 96.png */; };
		3F12E7601E55827B008DC32F /* 97.png in Resources */ = {isa = PBXBuildFile; fileRef = 3F12E6C91E55827B008DC32F /* 97.png */; };
		3F12E7611E55827B008DC32F /* 98.png in Resources */ = {isa = PBXBuildFile; fileRef = 3F12E6CA1E55827B008DC32F /* 98.png */; };
		3F12E7621E55827B008DC32F /* 99.png in Resources */ = {isa = PBXBuildFile; fileRef = 3F12E6CB1E55827B008DC32F /* 99.png */; };
		3F12E7631E55827B008DC32F /* 100.png in Resources */ = {isa = PBXBuildFile; fileRef = 3F12E6CC1E55827B008DC32F /* 100.png */; };
		3F12E7641E55827B008DC32F /* 101.png in Resources */ = {isa = PBXBuildFile; fileRef = 3F12E6CD1E55827B008DC32F /* 101.png */; };
		3F12E7651E55827B008DC32F /* 102.png in Resources */ = {isa = PBXBuildFile; fileRef = 3F12E6CE1E55827B008DC32F /* 102.png */; };
		3F12E7661E55827B008DC32F /* 103.png in Resources */ = {isa = PBXBuildFile; fileRef = 3F12E6CF1E55827B008DC32F /* 103.png */; };
		3F12E7671E55827B008DC32F /* 104.png in Resources */ = {isa = PBXBuildFile; fileRef = 3F12E6D01E55827B008DC32F /* 104.png */; };
		3F12E7681E55827B008DC32F /* 105.png in Resources */ = {isa = PBXBuildFile; fileRef = 3F12E6D11E55827B008DC32F /* 105.png */; };
		3F12E7691E55827B008DC32F /* 106.png in Resources */ = {isa = PBXBuildFile; fileRef = 3F12E6D21E55827B008DC32F /* 106.png */; };
		3F12E76A1E55827B008DC32F /* 107.png in Resources */ = {isa = PBXBuildFile; fileRef = 3F12E6D31E55827B008DC32F /* 107.png */; };
		3F12E76B1E55827B008DC32F /* 108.png in Resources */ = {isa = PBXBuildFile; fileRef = 3F12E6D41E55827B008DC32F /* 108.png */; };
		3F12E76C1E55827B008DC32F /* 109.png in Resources */ = {isa = PBXBuildFile; fileRef = 3F12E6D51E55827B008DC32F /* 109.png */; };
		3F12E76D1E55827B008DC32F /* 110.png in Resources */ = {isa = PBXBuildFile; fileRef = 3F12E6D61E55827B008DC32F /* 110.png */; };
		3F12E76E1E55827B008DC32F /* 111.png in Resources */ = {isa = PBXBuildFile; fileRef = 3F12E6D71E55827B008DC32F /* 111.png */; };
		3F12E76F1E55827B008DC32F /* 112.png in Resources */ = {isa = PBXBuildFile; fileRef = 3F12E6D81E55827B008DC32F /* 112.png */; };
		3F12E7701E55827B008DC32F /* 113.png in Resources */ = {isa = PBXBuildFile; fileRef = 3F12E6D91E55827B008DC32F /* 113.png */; };
		3F12E7711E55827B008DC32F /* 114.png in Resources */ = {isa = PBXBuildFile; fileRef = 3F12E6DA1E55827B008DC32F /* 114.png */; };
		3F12E7721E55827B008DC32F /* 115.png in Resources */ = {isa = PBXBuildFile; fileRef = 3F12E6DB1E55827B008DC32F /* 115.png */; };
		3F12E7731E55827B008DC32F /* 116.png in Resources */ = {isa = PBXBuildFile; fileRef = 3F12E6DC1E55827B008DC32F /* 116.png */; };
		3F12E7741E55827B008DC32F /* 117.png in Resources */ = {isa = PBXBuildFile; fileRef = 3F12E6DD1E55827B008DC32F /* 117.png */; };
		3F12E7751E55827B008DC32F /* 118.png in Resources */ = {isa = PBXBuildFile; fileRef = 3F12E6DE1E55827B008DC32F /* 118.png */; };
		3F12E7761E55827B008DC32F /* 119.png in Resources */ = {isa = PBXBuildFile; fileRef = 3F12E6DF1E55827B008DC32F /* 119.png */; };
		3F12E7771E55827B008DC32F /* 120.png in Resources */ = {isa = PBXBuildFile; fileRef = 3F12E6E01E55827B008DC32F /* 120.png */; };
		3F12E7781E55827B008DC32F /* 121.png in Resources */ = {isa = PBXBuildFile; fileRef = 3F12E6E11E55827B008DC32F /* 121.png */; };
		3F12E7791E55827B008DC32F /* 122.png in Resources */ = {isa = PBXBuildFile; fileRef = 3F12E6E21E55827B008DC32F /* 122.png */; };
		3F12E77A1E55827B008DC32F /* 123.png in Resources */ = {isa = PBXBuildFile; fileRef = 3F12E6E31E55827B008DC32F /* 123.png */; };
		3F12E77B1E55827B008DC32F /* 124.png in Resources */ = {isa = PBXBuildFile; fileRef = 3F12E6E41E55827B008DC32F /* 124.png */; };
		3F12E77C1E55827B008DC32F /* 125.png in Resources */ = {isa = PBXBuildFile; fileRef = 3F12E6E51E55827B008DC32F /* 125.png */; };
		3F12E77D1E55827B008DC32F /* 126.png in Resources */ = {isa = PBXBuildFile; fileRef = 3F12E6E61E55827B008DC32F /* 126.png */; };
		3F12E77E1E55827B008DC32F /* 127.png in Resources */ = {isa = PBXBuildFile; fileRef = 3F12E6E71E55827B008DC32F /* 127.png */; };
		3F12E77F1E55827B008DC32F /* 128.png in Resources */ = {isa = PBXBuildFile; fileRef = 3F12E6E81E55827B008DC32F /* 128.png */; };
		3F12E7801E55827B008DC32F /* 129.png in Resources */ = {isa = PBXBuildFile; fileRef = 3F12E6E91E55827B008DC32F /* 129.png */; };
		3F12E7811E55827B008DC32F /* 130.png in Resources */ = {isa = PBXBuildFile; fileRef = 3F12E6EA1E55827B008DC32F /* 130.png */; };
		3F12E7821E55827B008DC32F /* 131.png in Resources */ = {isa = PBXBuildFile; fileRef = 3F12E6EB1E55827B008DC32F /* 131.png */; };
		3F12E7831E55827B008DC32F /* 132.png in Resources */ = {isa = PBXBuildFile; fileRef = 3F12E6EC1E55827B008DC32F /* 132.png */; };
		3F12E7841E55827B008DC32F /* 133.png in Resources */ = {isa = PBXBuildFile; fileRef = 3F12E6ED1E55827B008DC32F /* 133.png */; };
		3F12E7851E55827B008DC32F /* 134.png in Resources */ = {isa = PBXBuildFile; fileRef = 3F12E6EE1E55827B008DC32F /* 134.png */; };
		3F12E7861E55827B008DC32F /* 135.png in Resources */ = {isa = PBXBuildFile; fileRef = 3F12E6EF1E55827B008DC32F /* 135.png */; };
		3F12E7871E55827B008DC32F /* 136.png in Resources */ = {isa = PBXBuildFile; fileRef = 3F12E6F01E55827B008DC32F /* 136.png */; };
		3F12E7881E55827B008DC32F /* 137.png in Resources */ = {isa = PBXBuildFile; fileRef = 3F12E6F11E55827B008DC32F /* 137.png */; };
		3F12E7891E55827B008DC32F /* 138.png in Resources */ = {isa = PBXBuildFile; fileRef = 3F12E6F21E55827B008DC32F /* 138.png */; };
		3F12E78A1E55827B008DC32F /* 139.png in Resources */ = {isa = PBXBuildFile; fileRef = 3F12E6F31E55827B008DC32F /* 139.png */; };
		3F12E78B1E55827B008DC32F /* 140.png in Resources */ = {isa = PBXBuildFile; fileRef = 3F12E6F41E55827B008DC32F /* 140.png */; };
		3F12E78C1E55827B008DC32F /* 141.png in Resources */ = {isa = PBXBuildFile; fileRef = 3F12E6F51E55827B008DC32F /* 141.png */; };
		3F12E78D1E55827B008DC32F /* 142.png in Resources */ = {isa = PBXBuildFile; fileRef = 3F12E6F61E55827B008DC32F /* 142.png */; };
		3F12E78E1E55827B008DC32F /* 143.png in Resources */ = {isa = PBXBuildFile; fileRef = 3F12E6F71E55827B008DC32F /* 143.png */; };
		3F12E78F1E55827B008DC32F /* 144.png in Resources */ = {isa = PBXBuildFile; fileRef = 3F12E6F81E55827B008DC32F /* 144.png */; };
		3F12E7901E55827B008DC32F /* 145.png in Resources */ = {isa = PBXBuildFile; fileRef = 3F12E6F91E55827B008DC32F /* 145.png */; };
		3F12E7911E55827B008DC32F /* 146.png in Resources */ = {isa = PBXBuildFile; fileRef = 3F12E6FA1E55827B008DC32F /* 146.png */; };
		3F12E7921E55827B008DC32F /* 147.png in Resources */ = {isa = PBXBuildFile; fileRef = 3F12E6FB1E55827B008DC32F /* 147.png */; };
		3F12E7931E55827B008DC32F /* 148.png in Resources */ = {isa = PBXBuildFile; fileRef = 3F12E6FC1E55827B008DC32F /* 148.png */; };
		3F12E7941E55827B008DC32F /* 149.png in Resources */ = {isa = PBXBuildFile; fileRef = 3F12E6FD1E55827B008DC32F /* 149.png */; };
		3F12E7951E55827B008DC32F /* 150.png in Resources */ = {isa = PBXBuildFile; fileRef = 3F12E6FE1E55827B008DC32F /* 150.png */; };
		3F12E7961E55827B008DC32F /* 151.png in Resources */ = {isa = PBXBuildFile; fileRef = 3F12E6FF1E55827B008DC32F /* 151.png */; };
/* End PBXBuildFile section */

/* Begin PBXFileReference section */
		3F12E51E1E55772E008DC32F /* UITableView3.app */ = {isa = PBXFileReference; explicitFileType = wrapper.application; includeInIndex = 0; path = UITableView3.app; sourceTree = BUILT_PRODUCTS_DIR; };
		3F12E5221E55772E008DC32F /* main.m */ = {isa = PBXFileReference; lastKnownFileType = sourcecode.c.objc; path = main.m; sourceTree = "<group>"; };
		3F12E5241E55772E008DC32F /* AppDelegate.h */ = {isa = PBXFileReference; lastKnownFileType = sourcecode.c.h; path = AppDelegate.h; sourceTree = "<group>"; };
		3F12E5251E55772E008DC32F /* AppDelegate.m */ = {isa = PBXFileReference; lastKnownFileType = sourcecode.c.objc; path = AppDelegate.m; sourceTree = "<group>"; };
		3F12E5271E55772E008DC32F /* ViewController.h */ = {isa = PBXFileReference; lastKnownFileType = sourcecode.c.h; path = ViewController.h; sourceTree = "<group>"; };
		3F12E5281E55772E008DC32F /* ViewController.m */ = {isa = PBXFileReference; lastKnownFileType = sourcecode.c.objc; path = ViewController.m; sourceTree = "<group>"; };
		3F12E52B1E55772E008DC32F /* Base */ = {isa = PBXFileReference; lastKnownFileType = file.storyboard; name = Base; path = Base.lproj/Main.storyboard; sourceTree = "<group>"; };
		3F12E52D1E55772E008DC32F /* Assets.xcassets */ = {isa = PBXFileReference; lastKnownFileType = folder.assetcatalog; path = Assets.xcassets; sourceTree = "<group>"; };
		3F12E5321E55772E008DC32F /* Info.plist */ = {isa = PBXFileReference; lastKnownFileType = text.plist.xml; path = Info.plist; sourceTree = "<group>"; };
		3F12E6691E55827B008DC32F /* 1.png */ = {isa = PBXFileReference; lastKnownFileType = image.png; name = 1.png; path = img/1.png; sourceTree = "<group>"; };
		3F12E66A1E55827B008DC32F /* 2.png */ = {isa = PBXFileReference; lastKnownFileType = image.png; name = 2.png; path = img/2.png; sourceTree = "<group>"; };
		3F12E66B1E55827B008DC32F /* 3.png */ = {isa = PBXFileReference; lastKnownFileType = image.png; name = 3.png; path = img/3.png; sourceTree = "<group>"; };
		3F12E66C1E55827B008DC32F /* 4.png */ = {isa = PBXFileReference; lastKnownFileType = image.png; name = 4.png; path = img/4.png; sourceTree = "<group>"; };
		3F12E66D1E55827B008DC32F /* 5.png */ = {isa = PBXFileReference; lastKnownFileType = image.png; name = 5.png; path = img/5.png; sourceTree = "<group>"; };
		3F12E66E1E55827B008DC32F /* 6.png */ = {isa = PBXFileReference; lastKnownFileType = image.png; name = 6.png; path = img/6.png; sourceTree = "<group>"; };
		3F12E66F1E55827B008DC32F /* 7.png */ = {isa = PBXFileReference; lastKnownFileType = image.png; name = 7.png; path = img/7.png; sourceTree = "<group>"; };
		3F12E6701E55827B008DC32F /* 8.png */ = {isa = PBXFileReference; lastKnownFileType = image.png; name = 8.png; path = img/8.png; sourceTree = "<group>"; };
		3F12E6711E55827B008DC32F /* 9.png */ = {isa = PBXFileReference; lastKnownFileType = image.png; name = 9.png; path = img/9.png; sourceTree = "<group>"; };
		3F12E6721E55827B008DC32F /* 10.png */ = {isa = PBXFileReference; lastKnownFileType = image.png; name = 10.png; path = img/10.png; sourceTree = "<group>"; };
		3F12E6731E55827B008DC32F /* 11.png */ = {isa = PBXFileReference; lastKnownFileType = image.png; name = 11.png; path = img/11.png; sourceTree = "<group>"; };
		3F12E6741E55827B008DC32F /* 12.png */ = {isa = PBXFileReference; lastKnownFileType = image.png; name = 12.png; path = img/12.png; sourceTree = "<group>"; };
		3F12E6751E55827B008DC32F /* 13.png */ = {isa = PBXFileReference; lastKnownFileType = image.png; name = 13.png; path = img/13.png; sourceTree = "<group>"; };
		3F12E6761E55827B008DC32F /* 14.png */ = {isa = PBXFileReference; lastKnownFileType = image.png; name = 14.png; path = img/14.png; sourceTree = "<group>"; };
		3F12E6771E55827B008DC32F /* 15.png */ = {isa = PBXFileReference; lastKnownFileType = image.png; name = 15.png; path = img/15.png; sourceTree = "<group>"; };
		3F12E6781E55827B008DC32F /* 16.png */ = {isa = PBXFileReference; lastKnownFileType = image.png; name = 16.png; path = img/16.png; sourceTree = "<group>"; };
		3F12E6791E55827B008DC32F /* 17.png */ = {isa = PBXFileReference; lastKnownFileType = image.png; name = 17.png; path = img/17.png; sourceTree = "<group>"; };
		3F12E67A1E55827B008DC32F /* 18.png */ = {isa = PBXFileReference; lastKnownFileType = image.png; name = 18.png; path = img/18.png; sourceTree = "<group>"; };
		3F12E67B1E55827B008DC32F /* 19.png */ = {isa = PBXFileReference; lastKnownFileType = image.png; name = 19.png; path = img/19.png; sourceTree = "<group>"; };
		3F12E67C1E55827B008DC32F /* 20.png */ = {isa = PBXFileReference; lastKnownFileType = image.png; name = 20.png; path = img/20.png; sourceTree = "<group>"; };
		3F12E67D1E55827B008DC32F /* 21.png */ = {isa = PBXFileReference; lastKnownFileType = image.png; name = 21.png; path = img/21.png; sourceTree = "<group>"; };
		3F12E67E1E55827B008DC32F /* 22.png */ = {isa = PBXFileReference; lastKnownFileType = image.png; name = 22.png; path = img/22.png; sourceTree = "<group>"; };
		3F12E67F1E55827B008DC32F /* 23.png */ = {isa = PBXFileReference; lastKnownFileType = image.png; name = 23.png; path = img/23.png; sourceTree = "<group>"; };
		3F12E6801E55827B008DC32F /* 24.png */ = {isa = PBXFileReference; lastKnownFileType = image.png; name = 24.png; path = img/24.png; sourceTree = "<group>"; };
		3F12E6811E55827B008DC32F /* 25.png */ = {isa = PBXFileReference; lastKnownFileType = image.png; name = 25.png; path = img/25.png; sourceTree = "<group>"; };
		3F12E6821E55827B008DC32F /* 26.png */ = {isa = PBXFileReference; lastKnownFileType = image.png; name = 26.png; path = img/26.png; sourceTree = "<group>"; };
		3F12E6831E55827B008DC32F /* 27.png */ = {isa = PBXFileReference; lastKnownFileType = image.png; name = 27.png; path = img/27.png; sourceTree = "<group>"; };
		3F12E6841E55827B008DC32F /* 28.png */ = {isa = PBXFileReference; lastKnownFileType = image.png; name = 28.png; path = img/28.png; sourceTree = "<group>"; };
		3F12E6851E55827B008DC32F /* 29.png */ = {isa = PBXFileReference; lastKnownFileType = image.png; name = 29.png; path = img/29.png; sourceTree = "<group>"; };
		3F12E6861E55827B008DC32F /* 30.png */ = {isa = PBXFileReference; lastKnownFileType = image.png; name = 30.png; path = img/30.png; sourceTree = "<group>"; };
		3F12E6871E55827B008DC32F /* 31.png */ = {isa = PBXFileReference; lastKnownFileType = image.png; name = 31.png; path = img/31.png; sourceTree = "<group>"; };
		3F12E6881E55827B008DC32F /* 32.png */ = {isa = PBXFileReference; lastKnownFileType = image.png; name = 32.png; path = img/32.png; sourceTree = "<group>"; };
		3F12E6891E55827B008DC32F /* 33.png */ = {isa = PBXFileReference; lastKnownFileType = image.png; name = 33.png; path = img/33.png; sourceTree = "<group>"; };
		3F12E68A1E55827B008DC32F /* 34.png */ = {isa = PBXFileReference; lastKnownFileType = image.png; name = 34.png; path = img/34.png; sourceTree = "<group>"; };
		3F12E68B1E55827B008DC32F /* 35.png */ = {isa = PBXFileReference; lastKnownFileType = image.png; name = 35.png; path = img/35.png; sourceTree = "<group>"; };
		3F12E68C1E55827B008DC32F /* 36.png */ = {isa = PBXFileReference; lastKnownFileType = image.png; name = 36.png; path = img/36.png; sourceTree = "<group>"; };
		3F12E68D1E55827B008DC32F /* 37.png */ = {isa = PBXFileReference; lastKnownFileType = image.png; name = 37.png; path = img/37.png; sourceTree = "<group>"; };
		3F12E68E1E55827B008DC32F /* 38.png */ = {isa = PBXFileReference; lastKnownFileType = image.png; name = 38.png; path = img/38.png; sourceTree = "<group>"; };
		3F12E68F1E55827B008DC32F /* 39.png */ = {isa = PBXFileReference; lastKnownFileType = image.png; name = 39.png; path = img/39.png; sourceTree = "<group>"; };
		3F12E6901E55827B008DC32F /* 40.png */ = {isa = PBXFileReference; lastKnownFileType = image.png; name = 40.png; path = img/40.png; sourceTree = "<group>"; };
		3F12E6911E55827B008DC32F /* 41.png */ = {isa = PBXFileReference; lastKnownFileType = image.png; name = 41.png; path = img/41.png; sourceTree = "<group>"; };
		3F12E6921E55827B008DC32F /* 42.png */ = {isa = PBXFileReference; lastKnownFileType = image.png; name = 42.png; path = img/42.png; sourceTree = "<group>"; };
		3F12E6931E55827B008DC32F /* 43.png */ = {isa = PBXFileReference; lastKnownFileType = image.png; name = 43.png; path = img/43.png; sourceTree = "<group>"; };
		3F12E6941E55827B008DC32F /* 44.png */ = {isa = PBXFileReference; lastKnownFileType = image.png; name = 44.png; path = img/44.png; sourceTree = "<group>"; };
		3F12E6951E55827B008DC32F /* 45.png */ = {isa = PBXFileReference; lastKnownFileType = image.png; name = 45.png; path = img/45.png; sourceTree = "<group>"; };
		3F12E6961E55827B008DC32F /* 46.png */ = {isa = PBXFileReference; lastKnownFileType = image.png; name = 46.png; path = img/46.png; sourceTree = "<group>"; };
		3F12E6971E55827B008DC32F /* 47.png */ = {isa = PBXFileReference; lastKnownFileType = image.png; name = 47.png; path = img/47.png; sourceTree = "<group>"; };
		3F12E6981E55827B008DC32F /* 48.png */ = {isa = PBXFileReference; lastKnownFileType = image.png; name = 48.png; path = img/48.png; sourceTree = "<group>"; };
		3F12E6991E55827B008DC32F /* 49.png */ = {isa = PBXFileReference; lastKnownFileType = image.png; name = 49.png; path = img/49.png; sourceTree = "<group>"; };
		3F12E69A1E55827B008DC32F /* 50.png */ = {isa = PBXFileReference; lastKnownFileType = image.png; name = 50.png; path = img/50.png; sourceTree = "<group>"; };
		3F12E69B1E55827B008DC32F /* 51.png */ = {isa = PBXFileReference; lastKnownFileType = image.png; name = 51.png; path = img/51.png; sourceTree = "<group>"; };
		3F12E69C1E55827B008DC32F /* 52.png */ = {isa = PBXFileReference; lastKnownFileType = image.png; name = 52.png; path = img/52.png; sourceTree = "<group>"; };
		3F12E69D1E55827B008DC32F /* 53.png */ = {isa = PBXFileReference; lastKnownFileType = image.png; name = 53.png; path = img/53.png; sourceTree = "<group>"; };
		3F12E69E1E55827B008DC32F /* 54.png */ = {isa = PBXFileReference; lastKnownFileType = image.png; name = 54.png; path = img/54.png; sourceTree = "<group>"; };
		3F12E69F1E55827B008DC32F /* 55.png */ = {isa = PBXFileReference; lastKnownFileType = image.png; name = 55.png; path = img/55.png; sourceTree = "<group>"; };
		3F12E6A01E55827B008DC32F /* 56.png */ = {isa = PBXFileReference; lastKnownFileType = image.png; name = 56.png; path = img/56.png; sourceTree = "<group>"; };
		3F12E6A11E55827B008DC32F /* 57.png */ = {isa = PBXFileReference; lastKnownFileType = image.png; name = 57.png; path = img/57.png; sourceTree = "<group>"; };
		3F12E6A21E55827B008DC32F /* 58.png */ = {isa = PBXFileReference; lastKnownFileType = image.png; name = 58.png; path = img/58.png; sourceTree = "<group>"; };
		3F12E6A31E55827B008DC32F /* 59.png */ = {isa = PBXFileReference; lastKnownFileType = image.png; name = 59.png; path = img/59.png; sourceTree = "<group>"; };
		3F12E6A41E55827B008DC32F /* 60.png */ = {isa = PBXFileReference; lastKnownFileType = image.png; name = 60.png; path = img/60.png; sourceTree = "<group>"; };
		3F12E6A51E55827B008DC32F /* 61.png */ = {isa = PBXFileReference; lastKnownFileType = image.png; name = 61.png; path = img/61.png; sourceTree = "<group>"; };
		3F12E6A61E55827B008DC32F /* 62.png */ = {isa = PBXFileReference; lastKnownFileType = image.png; name = 62.png; path = img/62.png; sourceTree = "<group>"; };
		3F12E6A71E55827B008DC32F /* 63.png */ = {isa = PBXFileReference; lastKnownFileType = image.png; name = 63.png; path = img/63.png; sourceTree = "<group>"; };
		3F12E6A81E55827B008DC32F /* 64.png */ = {isa = PBXFileReference; lastKnownFileType = image.png; name = 64.png; path = img/64.png; sourceTree = "<group>"; };
		3F12E6A91E55827B008DC32F /* 65.png */ = {isa = PBXFileReference; lastKnownFileType = image.png; name = 65.png; path = img/65.png; sourceTree = "<group>"; };
		3F12E6AA1E55827B008DC32F /* 66.png */ = {isa = PBXFileReference; lastKnownFileType = image.png; name = 66.png; path = img/66.png; sourceTree = "<group>"; };
		3F12E6AB1E55827B008DC32F /* 67.png */ = {isa = PBXFileReference; lastKnownFileType = image.png; name = 67.png; path = img/67.png; sourceTree = "<group>"; };
		3F12E6AC1E55827B008DC32F /* 68.png */ = {isa = PBXFileReference; lastKnownFileType = image.png; name = 68.png; path = img/68.png; sourceTree = "<group>"; };
		3F12E6AD1E55827B008DC32F /* 69.png */ = {isa = PBXFileReference; lastKnownFileType = image.png; name = 69.png; path = img/69.png; sourceTree = "<group>"; };
		3F12E6AE1E55827B008DC32F /* 70.png */ = {isa = PBXFileReference; lastKnownFileType = image.png; name = 70.png; path = img/70.png; sourceTree = "<group>"; };
		3F12E6AF1E55827B008DC32F /* 71.png */ = {isa = PBXFileReference; lastKnownFileType = image.png; name = 71.png; path = img/71.png; sourceTree = "<group>"; };
		3F12E6B01E55827B008DC32F /* 72.png */ = {isa = PBXFileReference; lastKnownFileType = image.png; name = 72.png; path = img/72.png; sourceTree = "<group>"; };
		3F12E6B11E55827B008DC32F /* 73.png */ = {isa = PBXFileReference; lastKnownFileType = image.png; name = 73.png; path = img/73.png; sourceTree = "<group>"; };
		3F12E6B21E55827B008DC32F /* 74.png */ = {isa = PBXFileReference; lastKnownFileType = image.png; name = 74.png; path = img/74.png; sourceTree = "<group>"; };
		3F12E6B31E55827B008DC32F /* 75.png */ = {isa = PBXFileReference; lastKnownFileType = image.png; name = 75.png; path = img/75.png; sourceTree = "<group>"; };
		3F12E6B41E55827B008DC32F /* 76.png */ = {isa = PBXFileReference; lastKnownFileType = image.png; name = 76.png; path = img/76.png; sourceTree = "<group>"; };
		3F12E6B51E55827B008DC32F /* 77.png */ = {isa = PBXFileReference; lastKnownFileType = image.png; name = 77.png; path = img/77.png; sourceTree = "<group>"; };
		3F12E6B61E55827B008DC32F /* 78.png */ = {isa = PBXFileReference; lastKnownFileType = image.png; name = 78.png; path = img/78.png; sourceTree = "<group>"; };
		3F12E6B71E55827B008DC32F /* 79.png */ = {isa = PBXFileReference; lastKnownFileType = image.png; name = 79.png; path = img/79.png; sourceTree = "<group>"; };
		3F12E6B81E55827B008DC32F /* 80.png */ = {isa = PBXFileReference; lastKnownFileType = image.png; name = 80.png; path = img/80.png; sourceTree = "<group>"; };
		3F12E6B91E55827B008DC32F /* 81.png */ = {isa = PBXFileReference; lastKnownFileType = image.png; name = 81.png; path = img/81.png; sourceTree = "<group>"; };
		3F12E6BA1E55827B008DC32F /* 82.png */ = {isa = PBXFileReference; lastKnownFileType = image.png; name = 82.png; path = img/82.png; sourceTree = "<group>"; };
		3F12E6BB1E55827B008DC32F /* 83.png */ = {isa = PBXFileReference; lastKnownFileType = image.png; name = 83.png; path = img/83.png; sourceTree = "<group>"; };
		3F12E6BC1E55827B008DC32F /* 84.png */ = {isa = PBXFileReference; lastKnownFileType = image.png; name = 84.png; path = img/84.png; sourceTree = "<group>"; };
		3F12E6BD1E55827B008DC32F /* 85.png */ = {isa = PBXFileReference; lastKnownFileType = image.png; name = 85.png; path = img/85.png; sourceTree = "<group>"; };
		3F12E6BE1E55827B008DC32F /* 86.png */ = {isa = PBXFileReference; lastKnownFileType = image.png; name = 86.png; path = img/86.png; sourceTree = "<group>"; };
		3F12E6BF1E55827B008DC32F /* 87.png */ = {isa = PBXFileReference; lastKnownFileType = image.png; name = 87.png; path = img/87.png; sourceTree = "<group>"; };
		3F12E6C01E55827B008DC32F /* 88.png */ = {isa = PBXFileReference; lastKnownFileType = image.png; name = 88.png; path = img/88.png; sourceTree = "<group>"; };
		3F12E6C11E55827B008DC32F /* 89.png */ = {isa = PBXFileReference; lastKnownFileType = image.png; name = 89.png; path = img/89.png; sourceTree = "<group>"; };
		3F12E6C21E55827B008DC32F /* 90.png */ = {isa = PBXFileReference; lastKnownFileType = image.png; name = 90.png; path = img/90.png; sourceTree = "<group>"; };
		3F12E6C31E55827B008DC32F /* 91.png */ = {isa = PBXFileReference; lastKnownFileType = image.png; name = 91.png; path = img/91.png; sourceTree = "<group>"; };
		3F12E6C41E55827B008DC32F /* 92.png */ = {isa = PBXFileReference; lastKnownFileType = image.png; name = 92.png; path = img/92.png; sourceTree = "<group>"; };
		3F12E6C51E55827B008DC32F /* 93.png */ = {isa = PBXFileReference; lastKnownFileType = image.png; name = 93.png; path = img/93.png; sourceTree = "<group>"; };
		3F12E6C61E55827B008DC32F /* 94.png */ = {isa = PBXFileReference; lastKnownFileType = image.png; name = 94.png; path = img/94.png; sourceTree = "<group>"; };
		3F12E6C71E55827B008DC32F /* 95.png */ = {isa = PBXFileReference; lastKnownFileType = image.png; name = 95.png; path = img/95.png; sourceTree = "<group>"; };
		3F12E6C81E55827B008DC32F /* 96.png */ = {isa = PBXFileReference; lastKnownFileType = image.png; name = 96.png; path = img/96.png; sourceTree = "<group>"; };
		3F12E6C91E55827B008DC32F /* 97.png */ = {isa = PBXFileReference; lastKnownFileType = image.png; name = 97.png; path = img/97.png; sourceTree = "<group>"; };
		3F12E6CA1E55827B008DC32F /* 98.png */ = {isa = PBXFileReference; lastKnownFileType = image.png; name = 98.png; path = img/98.png; sourceTree = "<group>"; };
		3F12E6CB1E55827B008DC32F /* 99.png */ = {isa = PBXFileReference; lastKnownFileType = image.png; name = 99.png; path = img/99.png; sourceTree = "<group>"; };
		3F12E6CC1E55827B008DC32F /* 100.png */ = {isa = PBXFileReference; lastKnownFileType = image.png; name = 100.png; path = img/100.png; sourceTree = "<group>"; };
		3F12E6CD1E55827B008DC32F /* 101.png */ = {isa = PBXFileReference; lastKnownFileType = image.png; name = 101.png; path = img/101.png; sourceTree = "<group>"; };
		3F12E6CE1E55827B008DC32F /* 102.png */ = {isa = PBXFileReference; lastKnownFileType = image.png; name = 102.png; path = img/102.png; sourceTree = "<group>"; };
		3F12E6CF1E55827B008DC32F /* 103.png */ = {isa = PBXFileReference; lastKnownFileType = image.png; name = 103.png; path = img/103.png; sourceTree = "<group>"; };
		3F12E6D01E55827B008DC32F /* 104.png */ = {isa = PBXFileReference; lastKnownFileType = image.png; name = 104.png; path = img/104.png; sourceTree = "<group>"; };
		3F12E6D11E55827B008DC32F /* 105.png */ = {isa = PBXFileReference; lastKnownFileType = image.png; name = 105.png; path = img/105.png; sourceTree = "<group>"; };
		3F12E6D21E55827B008DC32F /* 106.png */ = {isa = PBXFileReference; lastKnownFileType = image.png; name = 106.png; path = img/106.png; sourceTree = "<group>"; };
		3F12E6D31E55827B008DC32F /* 107.png */ = {isa = PBXFileReference; lastKnownFileType = image.png; name = 107.png; path = img/107.png; sourceTree = "<group>"; };
		3F12E6D41E55827B008DC32F /* 108.png */ = {isa = PBXFileReference; lastKnownFileType = image.png; name = 108.png; path = img/108.png; sourceTree = "<group>"; };
		3F12E6D51E55827B008DC32F /* 109.png */ = {isa = PBXFileReference; lastKnownFileType = image.png; name = 109.png; path = img/109.png; sourceTree = "<group>"; };
		3F12E6D61E55827B008DC32F /* 110.png */ = {isa = PBXFileReference; lastKnownFileType = image.png; name = 110.png; path = img/110.png; sourceTree = "<group>"; };
		3F12E6D71E55827B008DC32F /* 111.png */ = {isa = PBXFileReference; lastKnownFileType = image.png; name = 111.png; path = img/111.png; sourceTree = "<group>"; };
		3F12E6D81E55827B008DC32F /* 112.png */ = {isa = PBXFileReference; lastKnownFileType = image.png; name = 112.png; path = img/112.png; sourceTree = "<group>"; };
		3F12E6D91E55827B008DC32F /* 113.png */ = {isa = PBXFileReference; lastKnownFileType = image.png; name = 113.png; path = img/113.png; sourceTree = "<group>"; };
		3F12E6DA1E55827B008DC32F /* 114.png */ = {isa = PBXFileReference; lastKnownFileType = image.png; name = 114.png; path = img/114.png; sourceTree = "<group>"; };
		3F12E6DB1E55827B008DC32F /* 115.png */ = {isa = PBXFileReference; lastKnownFileType = image.png; name = 115.png; path = img/115.png; sourceTree = "<group>"; };
		3F12E6DC1E55827B008DC32F /* 116.png */ = {isa = PBXFileReference; lastKnownFileType = image.png; name = 116.png; path = img/116.png; sourceTree = "<group>"; };
		3F12E6DD1E55827B008DC32F /* 117.png */ = {isa = PBXFileReference; lastKnownFileType = image.png; name = 117.png; path = img/117.png; sourceTree = "<group>"; };
		3F12E6DE1E55827B008DC32F /* 118.png */ = {isa = PBXFileReference; lastKnownFileType = image.png; name = 118.png; path = img/118.png; sourceTree = "<group>"; };
		3F12E6DF1E55827B008DC32F /* 119.png */ = {isa = PBXFileReference; lastKnownFileType = image.png; name = 119.png; path = img/119.png; sourceTree = "<group>"; };
		3F12E6E01E55827B008DC32F /* 120.png */ = {isa = PBXFileReference; lastKnownFileType = image.png; name = 120.png; path = img/120.png; sourceTree = "<group>"; };
		3F12E6E11E55827B008DC32F /* 121.png */ = {isa = PBXFileReference; lastKnownFileType = image.png; name = 121.png; path = img/121.png; sourceTree = "<group>"; };
		3F12E6E21E55827B008DC32F /* 122.png */ = {isa = PBXFileReference; lastKnownFileType = image.png; name = 122.png; path = img/122.png; sourceTree = "<group>"; };
		3F12E6E31E55827B008DC32F /* 123.png */ = {isa = PBXFileReference; lastKnownFileType = image.png; name = 123.png; path = img/123.png; sourceTree = "<group>"; };
		3F12E6E41E55827B008DC32F /* 124.png */ = {isa = PBXFileReference; lastKnownFileType = image.png; name = 124.png; path = img/124.png; sourceTree = "<group>"; };
		3F12E6E51E55827B008DC32F /* 125.png */ = {isa = PBXFileReference; lastKnownFileType = image.png; name = 125.png; path = img/125.png; sourceTree = "<group>"; };
		3F12E6E61E55827B008DC32F /* 126.png */ = {isa = PBXFileReference; lastKnownFileType = image.png; name = 126.png; path = img/126.png; sourceTree = "<group>"; };
		3F12E6E71E55827B008DC32F /* 127.png */ = {isa = PBXFileReference; lastKnownFileType = image.png; name = 127.png; path = img/127.png; sourceTree = "<group>"; };
		3F12E6E81E55827B008DC32F /* 128.png */ = {isa = PBXFileReference; lastKnownFileType = image.png; name = 128.png; path = img/128.png; sourceTree = "<group>"; };
		3F12E6E91E55827B008DC32F /* 129.png */ = {isa = PBXFileReference; lastKnownFileType = image.png; name = 129.png; path = img/129.png; sourceTree = "<group>"; };
		3F12E6EA1E55827B008DC32F /* 130.png */ = {isa = PBXFileReference; lastKnownFileType = image.png; name = 130.png; path = img/130.png; sourceTree = "<group>"; };
		3F12E6EB1E55827B008DC32F /* 131.png */ = {isa = PBXFileReference; lastKnownFileType = image.png; name = 131.png; path = img/131.png; sourceTree = "<group>"; };
		3F12E6EC1E55827B008DC32F /* 132.png */ = {isa = PBXFileReference; lastKnownFileType = image.png; name = 132.png; path = img/132.png; sourceTree = "<group>"; };
		3F12E6ED1E55827B008DC32F /* 133.png */ = {isa = PBXFileReference; lastKnownFileType = image.png; name = 133.png; path = img/133.png; sourceTree = "<group>"; };
		3F12E6EE1E55827B008DC32F /* 134.png */ = {isa = PBXFileReference; lastKnownFileType = image.png; name = 134.png; path = img/134.png; sourceTree = "<group>"; };
		3F12E6EF1E55827B008DC32F /* 135.png */ = {isa = PBXFileReference; lastKnownFileType = image.png; name = 135.png; path = img/135.png; sourceTree = "<group>"; };
		3F12E6F01E55827B008DC32F /* 136.png */ = {isa = PBXFileReference; lastKnownFileType = image.png; name = 136.png; path = img/136.png; sourceTree = "<group>"; };
		3F12E6F11E55827B008DC32F /* 137.png */ = {isa = PBXFileReference; lastKnownFileType = image.png; name = 137.png; path = img/137.png; sourceTree = "<group>"; };
		3F12E6F21E55827B008DC32F /* 138.png */ = {isa = PBXFileReference; lastKnownFileType = image.png; name = 138.png; path = img/138.png; sourceTree = "<group>"; };
		3F12E6F31E55827B008DC32F /* 139.png */ = {isa = PBXFileReference; lastKnownFileType = image.png; name = 139.png; path = img/139.png; sourceTree = "<group>"; };
		3F12E6F41E55827B008DC32F /* 140.png */ = {isa = PBXFileReference; lastKnownFileType = image.png; name = 140.png; path = img/140.png; sourceTree = "<group>"; };
		3F12E6F51E55827B008DC32F /* 141.png */ = {isa = PBXFileReference; lastKnownFileType = image.png; name = 141.png; path = img/141.png; sourceTree = "<group>"; };
		3F12E6F61E55827B008DC32F /* 142.png */ = {isa = PBXFileReference; lastKnownFileType = image.png; name = 142.png; path = img/142.png; sourceTree = "<group>"; };
		3F12E6F71E55827B008DC32F /* 143.png */ = {isa = PBXFileReference; lastKnownFileType = image.png; name = 143.png; path = img/143.png; sourceTree = "<group>"; };
		3F12E6F81E55827B008DC32F /* 144.png */ = {isa = PBXFileReference; lastKnownFileType = image.png; name = 144.png; path = img/144.png; sourceTree = "<group>"; };
		3F12E6F91E55827B008DC32F /* 145.png */ = {isa = PBXFileReference; lastKnownFileType = image.png; name = 145.png; path = img/145.png; sourceTree = "<group>"; };
		3F12E6FA1E55827B008DC32F /* 146.png */ = {isa = PBXFileReference; lastKnownFileType = image.png; name = 146.png; path = img/146.png; sourceTree = "<group>"; };
		3F12E6FB1E55827B008DC32F /* 147.png */ = {isa = PBXFileReference; lastKnownFileType = image.png; name = 147.png; path = img/147.png; sourceTree = "<group>"; };
		3F12E6FC1E55827B008DC32F /* 148.png */ = {isa = PBXFileReference; lastKnownFileType = image.png; name = 148.png; path = img/148.png; sourceTree = "<group>"; };
		3F12E6FD1E55827B008DC32F /* 149.png */ = {isa = PBXFileReference; lastKnownFileType = image.png; name = 149.png; path = img/149.png; sourceTree = "<group>"; };
		3F12E6FE1E55827B008DC32F /* 150.png */ = {isa = PBXFileReference; lastKnownFileType = image.png; name = 150.png; path = img/150.png; sourceTree = "<group>"; };
		3F12E6FF1E55827B008DC32F /* 151.png */ = {isa = PBXFileReference; lastKnownFileType = image.png; name = 151.png; path = img/151.png; sourceTree = "<group>"; };
/* End PBXFileReference section */

/* Begin PBXFrameworksBuildPhase section */
		3F12E51B1E55772E008DC32F /* Frameworks */ = {
			isa = PBXFrameworksBuildPhase;
			buildActionMask = 2147483647;
			files = (
			);
			runOnlyForDeploymentPostprocessing = 0;
		};
/* End PBXFrameworksBuildPhase section */

/* Begin PBXGroup section */
		3F12E5151E55772E008DC32F = {
			isa = PBXGroup;
			children = (
				3F12E5201E55772E008DC32F /* UITableView3 */,
				3F12E51F1E55772E008DC32F /* Products */,
			);
			sourceTree = "<group>";
		};
		3F12E51F1E55772E008DC32F /* Products */ = {
			isa = PBXGroup;
			children = (
				3F12E51E1E55772E008DC32F /* UITableView3.app */,
			);
			name = Products;
			sourceTree = "<group>";
		};
		3F12E5201E55772E008DC32F /* UITableView3 */ = {
			isa = PBXGroup;
			children = (
				3F12E5241E55772E008DC32F /* AppDelegate.h */,
				3F12E5251E55772E008DC32F /* AppDelegate.m */,
				3F12E5271E55772E008DC32F /* ViewController.h */,
				3F12E5281E55772E008DC32F /* ViewController.m */,
				3F12E6681E558236008DC32F /* img */,
				3F12E52A1E55772E008DC32F /* Main.storyboard */,
				3F12E52D1E55772E008DC32F /* Assets.xcassets */,
				3F12E5321E55772E008DC32F /* Info.plist */,
				3F12E5211E55772E008DC32F /* Supporting Files */,
			);
			path = UITableView3;
			sourceTree = "<group>";
		};
		3F12E5211E55772E008DC32F /* Supporting Files */ = {
			isa = PBXGroup;
			children = (
				3F12E5221E55772E008DC32F /* main.m */,
			);
			name = "Supporting Files";
			sourceTree = "<group>";
		};
		3F12E6681E558236008DC32F /* img */ = {
			isa = PBXGroup;
			children = (
				3F12E6691E55827B008DC32F /* 1.png */,
				3F12E66A1E55827B008DC32F /* 2.png */,
				3F12E66B1E55827B008DC32F /* 3.png */,
				3F12E66C1E55827B008DC32F /* 4.png */,
				3F12E66D1E55827B008DC32F /* 5.png */,
				3F12E66E1E55827B008DC32F /* 6.png */,
				3F12E66F1E55827B008DC32F /* 7.png */,
				3F12E6701E55827B008DC32F /* 8.png */,
				3F12E6711E55827B008DC32F /* 9.png */,
				3F12E6721E55827B008DC32F /* 10.png */,
				3F12E6731E55827B008DC32F /* 11.png */,
				3F12E6741E55827B008DC32F /* 12.png */,
				3F12E6751E55827B008DC32F /* 13.png */,
				3F12E6761E55827B008DC32F /* 14.png */,
				3F12E6771E55827B008DC32F /* 15.png */,
				3F12E6781E55827B008DC32F /* 16.png */,
				3F12E6791E55827B008DC32F /* 17.png */,
				3F12E67A1E55827B008DC32F /* 18.png */,
				3F12E67B1E55827B008DC32F /* 19.png */,
				3F12E67C1E55827B008DC32F /* 20.png */,
				3F12E67D1E55827B008DC32F /* 21.png */,
				3F12E67E1E55827B008DC32F /* 22.png */,
				3F12E67F1E55827B008DC32F /* 23.png */,
				3F12E6801E55827B008DC32F /* 24.png */,
				3F12E6811E55827B008DC32F /* 25.png */,
				3F12E6821E55827B008DC32F /* 26.png */,
				3F12E6831E55827B008DC32F /* 27.png */,
				3F12E6841E55827B008DC32F /* 28.png */,
				3F12E6851E55827B008DC32F /* 29.png */,
				3F12E6861E55827B008DC32F /* 30.png */,
				3F12E6871E55827B008DC32F /* 31.png */,
				3F12E6881E55827B008DC32F /* 32.png */,
				3F12E6891E55827B008DC32F /* 33.png */,
				3F12E68A1E55827B008DC32F /* 34.png */,
				3F12E68B1E55827B008DC32F /* 35.png */,
				3F12E68C1E55827B008DC32F /* 36.png */,
				3F12E68D1E55827B008DC32F /* 37.png */,
				3F12E68E1E55827B008DC32F /* 38.png */,
				3F12E68F1E55827B008DC32F /* 39.png */,
				3F12E6901E55827B008DC32F /* 40.png */,
				3F12E6911E55827B008DC32F /* 41.png */,
				3F12E6921E55827B008DC32F /* 42.png */,
				3F12E6931E55827B008DC32F /* 43.png */,
				3F12E6941E55827B008DC32F /* 44.png */,
				3F12E6951E55827B008DC32F /* 45.png */,
				3F12E6961E55827B008DC32F /* 46.png */,
				3F12E6971E55827B008DC32F /* 47.png */,
				3F12E6981E55827B008DC32F /* 48.png */,
				3F12E6991E55827B008DC32F /* 49.png */,
				3F12E69A1E55827B008DC32F /* 50.png */,
				3F12E69B1E55827B008DC32F /* 51.png */,
				3F12E69C1E55827B008DC32F /* 52.png */,
				3F12E69D1E55827B008DC32F /* 53.png */,
				3F12E69E1E55827B008DC32F /* 54.png */,
				3F12E69F1E55827B008DC32F /* 55.png */,
				3F12E6A01E55827B008DC32F /* 56.png */,
				3F12E6A11E55827B008DC32F /* 57.png */,
				3F12E6A21E55827B008DC32F /* 58.png */,
				3F12E6A31E55827B008DC32F /* 59.png */,
				3F12E6A41E55827B008DC32F /* 60.png */,
				3F12E6A51E55827B008DC32F /* 61.png */,
				3F12E6A61E55827B008DC32F /* 62.png */,
				3F12E6A71E55827B008DC32F /* 63.png */,
				3F12E6A81E55827B008DC32F /* 64.png */,
				3F12E6A91E55827B008DC32F /* 65.png */,
				3F12E6AA1E55827B008DC32F /* 66.png */,
				3F12E6AB1E55827B008DC32F /* 67.png */,
				3F12E6AC1E55827B008DC32F /* 68.png */,
				3F12E6AD1E55827B008DC32F /* 69.png */,
				3F12E6AE1E55827B008DC32F /* 70.png */,
				3F12E6AF1E55827B008DC32F /* 71.png */,
				3F12E6B01E55827B008DC32F /* 72.png */,
				3F12E6B11E55827B008DC32F /* 73.png */,
				3F12E6B21E55827B008DC32F /* 74.png */,
				3F12E6B31E55827B008DC32F /* 75.png */,
				3F12E6B41E55827B008DC32F /* 76.png */,
				3F12E6B51E55827B008DC32F /* 77.png */,
				3F12E6B61E55827B008DC32F /* 78.png */,
				3F12E6B71E55827B008DC32F /* 79.png */,
				3F12E6B81E55827B008DC32F /* 80.png */,
				3F12E6B91E55827B008DC32F /* 81.png */,
				3F12E6BA1E55827B008DC32F /* 82.png */,
				3F12E6BB1E55827B008DC32F /* 83.png */,
				3F12E6BC1E55827B008DC32F /* 84.png */,
				3F12E6BD1E55827B008DC32F /* 85.png */,
				3F12E6BE1E55827B008DC32F /* 86.png */,
				3F12E6BF1E55827B008DC32F /* 87.png */,
				3F12E6C01E55827B008DC32F /* 88.png */,
				3F12E6C11E55827B008DC32F /* 89.png */,
				3F12E6C21E55827B008DC32F /* 90.png */,
				3F12E6C31E55827B008DC32F /* 91.png */,
				3F12E6C41E55827B008DC32F /* 92.png */,
				3F12E6C51E55827B008DC32F /* 93.png */,
				3F12E6C61E55827B008DC32F /* 94.png */,
				3F12E6C71E55827B008DC32F /* 95.png */,
				3F12E6C81E55827B008DC32F /* 96.png */,
				3F12E6C91E55827B008DC32F /* 97.png */,
				3F12E6CA1E55827B008DC32F /* 98.png */,
				3F12E6CB1E55827B008DC32F /* 99.png */,
				3F12E6CC1E55827B008DC32F /* 100.png */,
				3F12E6CD1E55827B008DC32F /* 101.png */,
				3F12E6CE1E55827B008DC32F /* 102.png */,
				3F12E6CF1E55827B008DC32F /* 103.png */,
				3F12E6D01E55827B008DC32F /* 104.png */,
				3F12E6D11E55827B008DC32F /* 105.png */,
				3F12E6D21E55827B008DC32F /* 106.png */,
				3F12E6D31E55827B008DC32F /* 107.png */,
				3F12E6D41E55827B008DC32F /* 108.png */,
				3F12E6D51E55827B008DC32F /* 109.png */,
				3F12E6D61E55827B008DC32F /* 110.png */,
				3F12E6D71E55827B008DC32F /* 111.png */,
				3F12E6D81E55827B008DC32F /* 112.png */,
				3F12E6D91E55827B008DC32F /* 113.png */,
				3F12E6DA1E55827B008DC32F /* 114.png */,
				3F12E6DB1E55827B008DC32F /* 115.png */,
				3F12E6DC1E55827B008DC32F /* 116.png */,
				3F12E6DD1E55827B008DC32F /* 117.png */,
				3F12E6DE1E55827B008DC32F /* 118.png */,
				3F12E6DF1E55827B008DC32F /* 119.png */,
				3F12E6E01E55827B008DC32F /* 120.png */,
				3F12E6E11E55827B008DC32F /* 121.png */,
				3F12E6E21E55827B008DC32F /* 122.png */,
				3F12E6E31E55827B008DC32F /* 123.png */,
				3F12E6E41E55827B008DC32F /* 124.png */,
				3F12E6E51E55827B008DC32F /* 125.png */,
				3F12E6E61E55827B008DC32F /* 126.png */,
				3F12E6E71E55827B008DC32F /* 127.png */,
				3F12E6E81E55827B008DC32F /* 128.png */,
				3F12E6E91E55827B008DC32F /* 129.png */,
				3F12E6EA1E55827B008DC32F /* 130.png */,
				3F12E6EB1E55827B008DC32F /* 131.png */,
				3F12E6EC1E55827B008DC32F /* 132.png */,
				3F12E6ED1E55827B008DC32F /* 133.png */,
				3F12E6EE1E55827B008DC32F /* 134.png */,
				3F12E6EF1E55827B008DC32F /* 135.png */,
				3F12E6F01E55827B008DC32F /* 136.png */,
				3F12E6F11E55827B008DC32F /* 137.png */,
				3F12E6F21E55827B008DC32F /* 138.png */,
				3F12E6F31E55827B008DC32F /* 139.png */,
				3F12E6F41E55827B008DC32F /* 140.png */,
				3F12E6F51E55827B008DC32F /* 141.png */,
				3F12E6F61E55827B008DC32F /* 142.png */,
				3F12E6F71E55827B008DC32F /* 143.png */,
				3F12E6F81E55827B008DC32F /* 144.png */,
				3F12E6F91E55827B008DC32F /* 145.png */,
				3F12E6FA1E55827B008DC32F /* 146.png */,
				3F12E6FB1E55827B008DC32F /* 147.png */,
				3F12E6FC1E55827B008DC32F /* 148.png */,
				3F12E6FD1E55827B008DC32F /* 149.png */,
				3F12E6FE1E55827B008DC32F /* 150.png */,
				3F12E6FF1E55827B008DC32F /* 151.png */,
			);
			name = img;
			sourceTree = "<group>";
		};
/* End PBXGroup section */

/* Begin PBXNativeTarget section */
		3F12E51D1E55772E008DC32F /* UITableView3 */ = {
			isa = PBXNativeTarget;
			buildConfigurationList = 3F12E5351E55772E008DC32F /* Build configuration list for PBXNativeTarget "UITableView3" */;
			buildPhases = (
				3F12E51A1E55772E008DC32F /* Sources */,
				3F12E51B1E55772E008DC32F /* Frameworks */,
				3F12E51C1E55772E008DC32F /* Resources */,
			);
			buildRules = (
			);
			dependencies = (
			);
			name = UITableView3;
			productName = UITableView3;
			productReference = 3F12E51E1E55772E008DC32F /* UITableView3.app */;
			productType = "com.apple.product-type.application";
		};
/* End PBXNativeTarget section */

/* Begin PBXProject section */
		3F12E5161E55772E008DC32F /* Project object */ = {
			isa = PBXProject;
			attributes = {
				LastUpgradeCheck = 0820;
				ORGANIZATIONNAME = JeheonChoi;
				TargetAttributes = {
					3F12E51D1E55772E008DC32F = {
						CreatedOnToolsVersion = 8.2.1;
						ProvisioningStyle = Automatic;
					};
				};
			};
			buildConfigurationList = 3F12E5191E55772E008DC32F /* Build configuration list for PBXProject "UITableView3" */;
			compatibilityVersion = "Xcode 3.2";
			developmentRegion = English;
			hasScannedForEncodings = 0;
			knownRegions = (
				en,
				Base,
			);
			mainGroup = 3F12E5151E55772E008DC32F;
			productRefGroup = 3F12E51F1E55772E008DC32F /* Products */;
			projectDirPath = "";
			projectRoot = "";
			targets = (
				3F12E51D1E55772E008DC32F /* UITableView3 */,
			);
		};
/* End PBXProject section */

/* Begin PBXResourcesBuildPhase section */
		3F12E51C1E55772E008DC32F /* Resources */ = {
			isa = PBXResourcesBuildPhase;
			buildActionMask = 2147483647;
			files = (
				3F12E7941E55827B008DC32F /* 149.png in Resources */,
				3F12E77E1E55827B008DC32F /* 127.png in Resources */,
				3F12E7621E55827B008DC32F /* 99.png in Resources */,
				3F12E73E1E55827B008DC32F /* 63.png in Resources */,
				3F12E7881E55827B008DC32F /* 137.png in Resources */,
				3F12E7411E55827B008DC32F /* 66.png in Resources */,
				3F12E7241E55827B008DC32F /* 37.png in Resources */,
				3F12E7401E55827B008DC32F /* 65.png in Resources */,
				3F12E73A1E55827B008DC32F /* 59.png in Resources */,
				3F12E7211E55827B008DC32F /* 34.png in Resources */,
				3F12E7911E55827B008DC32F /* 146.png in Resources */,
				3F12E75D1E55827B008DC32F /* 94.png in Resources */,
				3F12E75A1E55827B008DC32F /* 91.png in Resources */,
				3F12E77A1E55827B008DC32F /* 123.png in Resources */,
				3F12E7161E55827B008DC32F /* 23.png in Resources */,
				3F12E70A1E55827B008DC32F /* 11.png in Resources */,
				3F12E7611E55827B008DC32F /* 98.png in Resources */,
				3F12E7711E55827B008DC32F /* 114.png in Resources */,
				3F12E7081E55827B008DC32F /* 9.png in Resources */,
				3F12E72A1E55827B008DC32F /* 43.png in Resources */,
				3F12E7541E55827B008DC32F /* 85.png in Resources */,
				3F12E75B1E55827B008DC32F /* 92.png in Resources */,
				3F12E7271E55827B008DC32F /* 40.png in Resources */,
				3F12E77D1E55827B008DC32F /* 126.png in Resources */,
				3F12E7121E55827B008DC32F /* 19.png in Resources */,
				3F12E7661E55827B008DC32F /* 103.png in Resources */,
				3F12E70E1E55827B008DC32F /* 15.png in Resources */,
				3F12E7221E55827B008DC32F /* 35.png in Resources */,
				3F12E7391E55827B008DC32F /* 58.png in Resources */,
				3F12E74A1E55827B008DC32F /* 75.png in Resources */,
				3F12E7841E55827B008DC32F /* 133.png in Resources */,
				3F12E77C1E55827B008DC32F /* 125.png in Resources */,
				3F12E76B1E55827B008DC32F /* 108.png in Resources */,
				3F12E70B1E55827B008DC32F /* 12.png in Resources */,
				3F12E7071E55827B008DC32F /* 8.png in Resources */,
				3F12E7141E55827B008DC32F /* 21.png in Resources */,
				3F12E7831E55827B008DC32F /* 132.png in Resources */,
				3F12E7421E55827B008DC32F /* 67.png in Resources */,
				3F12E7501E55827B008DC32F /* 81.png in Resources */,
				3F12E7561E55827B008DC32F /* 87.png in Resources */,
				3F12E74E1E55827B008DC32F /* 79.png in Resources */,
				3F12E7091E55827B008DC32F /* 10.png in Resources */,
				3F12E7761E55827B008DC32F /* 119.png in Resources */,
				3F12E78C1E55827B008DC32F /* 141.png in Resources */,
				3F12E7571E55827B008DC32F /* 88.png in Resources */,
				3F12E74C1E55827B008DC32F /* 77.png in Resources */,
				3F12E7871E55827B008DC32F /* 136.png in Resources */,
				3F12E78E1E55827B008DC32F /* 143.png in Resources */,
				3F12E71E1E55827B008DC32F /* 31.png in Resources */,
				3F12E7751E55827B008DC32F /* 118.png in Resources */,
				3F12E7811E55827B008DC32F /* 130.png in Resources */,
				3F12E75C1E55827B008DC32F /* 93.png in Resources */,
				3F12E70C1E55827B008DC32F /* 13.png in Resources */,
				3F12E74F1E55827B008DC32F /* 80.png in Resources */,
				3F12E7061E55827B008DC32F /* 7.png in Resources */,
				3F12E70F1E55827B008DC32F /* 16.png in Resources */,
				3F12E7791E55827B008DC32F /* 122.png in Resources */,
				3F12E7031E55827B008DC32F /* 4.png in Resources */,
				3F12E74B1E55827B008DC32F /* 76.png in Resources */,
				3F12E7381E55827B008DC32F /* 57.png in Resources */,
				3F12E7181E55827B008DC32F /* 25.png in Resources */,
				3F12E76D1E55827B008DC32F /* 110.png in Resources */,
				3F12E72C1E55827B008DC32F /* 45.png in Resources */,
				3F12E7171E55827B008DC32F /* 24.png in Resources */,
				3F12E7691E55827B008DC32F /* 106.png in Resources */,
				3F12E7781E55827B008DC32F /* 121.png in Resources */,
				3F12E7461E55827B008DC32F /* 71.png in Resources */,
				3F12E7111E55827B008DC32F /* 18.png in Resources */,
				3F12E7681E55827B008DC32F /* 105.png in Resources */,
				3F12E7671E55827B008DC32F /* 104.png in Resources */,
				3F12E7921E55827B008DC32F /* 147.png in Resources */,
				3F12E7321E55827B008DC32F /* 51.png in Resources */,
				3F12E7641E55827B008DC32F /* 101.png in Resources */,
				3F12E7251E55827B008DC32F /* 38.png in Resources */,
				3F12E7151E55827B008DC32F /* 22.png in Resources */,
				3F12E7191E55827B008DC32F /* 26.png in Resources */,
				3F12E7311E55827B008DC32F /* 50.png in Resources */,
				3F12E7471E55827B008DC32F /* 72.png in Resources */,
				3F12E74D1E55827B008DC32F /* 78.png in Resources */,
				3F12E7431E55827B008DC32F /* 68.png in Resources */,
				3F12E73B1E55827B008DC32F /* 60.png in Resources */,
				3F12E7331E55827B008DC32F /* 52.png in Resources */,
				3F12E7591E55827B008DC32F /* 90.png in Resources */,
				3F12E7741E55827B008DC32F /* 117.png in Resources */,
				3F12E7531E55827B008DC32F /* 84.png in Resources */,
				3F12E73D1E55827B008DC32F /* 62.png in Resources */,
				3F12E7021E55827B008DC32F /* 3.png in Resources */,
				3F12E7891E55827B008DC32F /* 138.png in Resources */,
				3F12E7131E55827B008DC32F /* 20.png in Resources */,
				3F12E7281E55827B008DC32F /* 41.png in Resources */,
				3F12E7291E55827B008DC32F /* 42.png in Resources */,
				3F12E76C1E55827B008DC32F /* 109.png in Resources */,
				3F12E7861E55827B008DC32F /* 135.png in Resources */,
				3F12E7101E55827B008DC32F /* 17.png in Resources */,
				3F12E7551E55827B008DC32F /* 86.png in Resources */,
				3F12E7731E55827B008DC32F /* 116.png in Resources */,
				3F12E7961E55827B008DC32F /* 151.png in Resources */,
				3F12E7951E55827B008DC32F /* 150.png in Resources */,
				3F12E7351E55827B008DC32F /* 54.png in Resources */,
				3F12E71F1E55827B008DC32F /* 32.png in Resources */,
				3F12E7521E55827B008DC32F /* 83.png in Resources */,
				3F12E75F1E55827B008DC32F /* 96.png in Resources */,
				3F12E7301E55827B008DC32F /* 49.png in Resources */,
				3F12E7001E55827B008DC32F /* 1.png in Resources */,
				3F12E7481E55827B008DC32F /* 73.png in Resources */,
				3F12E76E1E55827B008DC32F /* 111.png in Resources */,
				3F12E73C1E55827B008DC32F /* 61.png in Resources */,
				3F12E7581E55827B008DC32F /* 89.png in Resources */,
				3F12E75E1E55827B008DC32F /* 95.png in Resources */,
				3F12E7821E55827B008DC32F /* 131.png in Resources */,
				3F12E78B1E55827B008DC32F /* 140.png in Resources */,
				3F12E52E1E55772E008DC32F /* Assets.xcassets in Resources */,
				3F12E7201E55827B008DC32F /* 33.png in Resources */,
				3F12E7701E55827B008DC32F /* 113.png in Resources */,
				3F12E72F1E55827B008DC32F /* 48.png in Resources */,
				3F12E72D1E55827B008DC32F /* 46.png in Resources */,
				3F12E71C1E55827B008DC32F /* 29.png in Resources */,
				3F12E72B1E55827B008DC32F /* 44.png in Resources */,
				3F12E7851E55827B008DC32F /* 134.png in Resources */,
				3F12E7041E55827B008DC32F /* 5.png in Resources */,
				3F12E7721E55827B008DC32F /* 115.png in Resources */,
				3F12E7801E55827B008DC32F /* 129.png in Resources */,
				3F12E7451E55827B008DC32F /* 70.png in Resources */,
				3F12E7231E55827B008DC32F /* 36.png in Resources */,
				3F12E7341E55827B008DC32F /* 53.png in Resources */,
				3F12E7011E55827B008DC32F /* 2.png in Resources */,
				3F12E77B1E55827B008DC32F /* 124.png in Resources */,
				3F12E7601E55827B008DC32F /* 97.png in Resources */,
				3F12E76F1E55827B008DC32F /* 112.png in Resources */,
				3F12E7631E55827B008DC32F /* 100.png in Resources */,
				3F12E7371E55827B008DC32F /* 56.png in Resources */,
				3F12E71B1E55827B008DC32F /* 28.png in Resources */,
				3F12E7361E55827B008DC32F /* 55.png in Resources */,
				3F12E7051E55827B008DC32F /* 6.png in Resources */,
				3F12E7901E55827B008DC32F /* 145.png in Resources */,
				3F12E78F1E55827B008DC32F /* 144.png in Resources */,
				3F12E78A1E55827B008DC32F /* 139.png in Resources */,
				3F12E78D1E55827B008DC32F /* 142.png in Resources */,
				3F12E7931E55827B008DC32F /* 148.png in Resources */,
				3F12E7651E55827B008DC32F /* 102.png in Resources */,
				3F12E71D1E55827B008DC32F /* 30.png in Resources */,
				3F12E7771E55827B008DC32F /* 120.png in Resources */,
				3F12E77F1E55827B008DC32F /* 128.png in Resources */,
				3F12E7491E55827B008DC32F /* 74.png in Resources */,
				3F12E7261E55827B008DC32F /* 39.png in Resources */,
				3F12E7441E55827B008DC32F /* 69.png in Resources */,
				3F12E70D1E55827B008DC32F /* 14.png in Resources */,
				3F12E7511E55827B008DC32F /* 82.png in Resources */,
				3F12E52C1E55772E008DC32F /* Main.storyboard in Resources */,
				3F12E76A1E55827B008DC32F /* 107.png in Resources */,
				3F12E73F1E55827B008DC32F /* 64.png in Resources */,
				3F12E72E1E55827B008DC32F /* 47.png in Resources */,
				3F12E71A1E55827B008DC32F /* 27.png in Resources */,
			);
			runOnlyForDeploymentPostprocessing = 0;
		};
/* End PBXResourcesBuildPhase section */

/* Begin PBXSourcesBuildPhase section */
		3F12E51A1E55772E008DC32F /* Sources */ = {
			isa = PBXSourcesBuildPhase;
			buildActionMask = 2147483647;
			files = (
				3F12E5291E55772E008DC32F /* ViewController.m in Sources */,
				3F12E5261E55772E008DC32F /* AppDelegate.m in Sources */,
				3F12E5231E55772E008DC32F /* main.m in Sources */,
			);
			runOnlyForDeploymentPostprocessing = 0;
		};
/* End PBXSourcesBuildPhase section */

/* Begin PBXVariantGroup section */
		3F12E52A1E55772E008DC32F /* Main.storyboard */ = {
			isa = PBXVariantGroup;
			children = (
				3F12E52B1E55772E008DC32F /* Base */,
			);
			name = Main.storyboard;
			sourceTree = "<group>";
		};
/* End PBXVariantGroup section */

/* Begin XCBuildConfiguration section */
		3F12E5331E55772E008DC32F /* Debug */ = {
			isa = XCBuildConfiguration;
			buildSettings = {
				ALWAYS_SEARCH_USER_PATHS = NO;
				CLANG_ANALYZER_NONNULL = YES;
				CLANG_CXX_LANGUAGE_STANDARD = "gnu++0x";
				CLANG_CXX_LIBRARY = "libc++";
				CLANG_ENABLE_MODULES = YES;
				CLANG_ENABLE_OBJC_ARC = YES;
				CLANG_WARN_BOOL_CONVERSION = YES;
				CLANG_WARN_CONSTANT_CONVERSION = YES;
				CLANG_WARN_DIRECT_OBJC_ISA_USAGE = YES_ERROR;
				CLANG_WARN_DOCUMENTATION_COMMENTS = YES;
				CLANG_WARN_EMPTY_BODY = YES;
				CLANG_WARN_ENUM_CONVERSION = YES;
				CLANG_WARN_INFINITE_RECURSION = YES;
				CLANG_WARN_INT_CONVERSION = YES;
				CLANG_WARN_OBJC_ROOT_CLASS = YES_ERROR;
				CLANG_WARN_SUSPICIOUS_MOVE = YES;
				CLANG_WARN_UNREACHABLE_CODE = YES;
				CLANG_WARN__DUPLICATE_METHOD_MATCH = YES;
				"CODE_SIGN_IDENTITY[sdk=iphoneos*]" = "iPhone Developer";
				COPY_PHASE_STRIP = NO;
				DEBUG_INFORMATION_FORMAT = dwarf;
				ENABLE_STRICT_OBJC_MSGSEND = YES;
				ENABLE_TESTABILITY = YES;
				GCC_C_LANGUAGE_STANDARD = gnu99;
				GCC_DYNAMIC_NO_PIC = NO;
				GCC_NO_COMMON_BLOCKS = YES;
				GCC_OPTIMIZATION_LEVEL = 0;
				GCC_PREPROCESSOR_DEFINITIONS = (
					"DEBUG=1",
					"$(inherited)",
				);
				GCC_WARN_64_TO_32_BIT_CONVERSION = YES;
				GCC_WARN_ABOUT_RETURN_TYPE = YES_ERROR;
				GCC_WARN_UNDECLARED_SELECTOR = YES;
				GCC_WARN_UNINITIALIZED_AUTOS = YES_AGGRESSIVE;
				GCC_WARN_UNUSED_FUNCTION = YES;
				GCC_WARN_UNUSED_VARIABLE = YES;
				IPHONEOS_DEPLOYMENT_TARGET = 10.2;
				MTL_ENABLE_DEBUG_INFO = YES;
				ONLY_ACTIVE_ARCH = YES;
				SDKROOT = iphoneos;
			};
			name = Debug;
		};
		3F12E5341E55772E008DC32F /* Release */ = {
			isa = XCBuildConfiguration;
			buildSettings = {
				ALWAYS_SEARCH_USER_PATHS = NO;
				CLANG_ANALYZER_NONNULL = YES;
				CLANG_CXX_LANGUAGE_STANDARD = "gnu++0x";
				CLANG_CXX_LIBRARY = "libc++";
				CLANG_ENABLE_MODULES = YES;
				CLANG_ENABLE_OBJC_ARC = YES;
				CLANG_WARN_BOOL_CONVERSION = YES;
				CLANG_WARN_CONSTANT_CONVERSION = YES;
				CLANG_WARN_DIRECT_OBJC_ISA_USAGE = YES_ERROR;
				CLANG_WARN_DOCUMENTATION_COMMENTS = YES;
				CLANG_WARN_EMPTY_BODY = YES;
				CLANG_WARN_ENUM_CONVERSION = YES;
				CLANG_WARN_INFINITE_RECURSION = YES;
				CLANG_WARN_INT_CONVERSION = YES;
				CLANG_WARN_OBJC_ROOT_CLASS = YES_ERROR;
				CLANG_WARN_SUSPICIOUS_MOVE = YES;
				CLANG_WARN_UNREACHABLE_CODE = YES;
				CLANG_WARN__DUPLICATE_METHOD_MATCH = YES;
				"CODE_SIGN_IDENTITY[sdk=iphoneos*]" = "iPhone Developer";
				COPY_PHASE_STRIP = NO;
				DEBUG_INFORMATION_FORMAT = "dwarf-with-dsym";
				ENABLE_NS_ASSERTIONS = NO;
				ENABLE_STRICT_OBJC_MSGSEND = YES;
				GCC_C_LANGUAGE_STANDARD = gnu99;
				GCC_NO_COMMON_BLOCKS = YES;
				GCC_WARN_64_TO_32_BIT_CONVERSION = YES;
				GCC_WARN_ABOUT_RETURN_TYPE = YES_ERROR;
				GCC_WARN_UNDECLARED_SELECTOR = YES;
				GCC_WARN_UNINITIALIZED_AUTOS = YES_AGGRESSIVE;
				GCC_WARN_UNUSED_FUNCTION = YES;
				GCC_WARN_UNUSED_VARIABLE = YES;
				IPHONEOS_DEPLOYMENT_TARGET = 10.2;
				MTL_ENABLE_DEBUG_INFO = NO;
				SDKROOT = iphoneos;
				VALIDATE_PRODUCT = YES;
			};
			name = Release;
		};
		3F12E5361E55772E008DC32F /* Debug */ = {
			isa = XCBuildConfiguration;
			buildSettings = {
				ASSETCATALOG_COMPILER_APPICON_NAME = AppIcon;
				INFOPLIST_FILE = UITableView3/Info.plist;
				LD_RUNPATH_SEARCH_PATHS = "$(inherited) @executable_path/Frameworks";
				PRODUCT_BUNDLE_IDENTIFIER = com.Jereator.UITableView3;
				PRODUCT_NAME = "$(TARGET_NAME)";
			};
			name = Debug;
		};
		3F12E5371E55772E008DC32F /* Release */ = {
			isa = XCBuildConfiguration;
			buildSettings = {
				ASSETCATALOG_COMPILER_APPICON_NAME = AppIcon;
				INFOPLIST_FILE = UITableView3/Info.plist;
				LD_RUNPATH_SEARCH_PATHS = "$(inherited) @executable_path/Frameworks";
				PRODUCT_BUNDLE_IDENTIFIER = com.Jereator.UITableView3;
				PRODUCT_NAME = "$(TARGET_NAME)";
			};
			name = Release;
		};
/* End XCBuildConfiguration section */

/* Begin XCConfigurationList section */
		3F12E5191E55772E008DC32F /* Build configuration list for PBXProject "UITableView3" */ = {
			isa = XCConfigurationList;
			buildConfigurations = (
				3F12E5331E55772E008DC32F /* Debug */,
				3F12E5341E55772E008DC32F /* Release */,
			);
			defaultConfigurationIsVisible = 0;
			defaultConfigurationName = Release;
		};
		3F12E5351E55772E008DC32F /* Build configuration list for PBXNativeTarget "UITableView3" */ = {
			isa = XCConfigurationList;
			buildConfigurations = (
				3F12E5361E55772E008DC32F /* Debug */,
				3F12E5371E55772E008DC32F /* Release */,
			);
			defaultConfigurationIsVisible = 0;
		};
/* End XCConfigurationList section */
	};
	rootObject = 3F12E5161E55772E008DC32F /* Project object */;
}
