// !$*UTF8*$!
{
	archiveVersion = 1;
	classes = {
	};
	objectVersion = 46;
	objects = {

/* Begin PBXBuildFile section */
		3F011DA21E66D6570098D6F9 /* characterPick.png in Resources */ = {isa = PBXBuildFile; fileRef = 3F011DA11E66D6570098D6F9 /* characterPick.png */; };
		3F011DA41E66F60D0098D6F9 /* launchImg.jpeg in Resources */ = {isa = PBXBuildFile; fileRef = 3F011DA31E66F60D0098D6F9 /* launchImg.jpeg */; };
		3F1A72211E59B3A80013D1C1 /* main.m in Sources */ = {isa = PBXBuildFile; fileRef = 3F1A72201E59B3A80013D1C1 /* main.m */; };
		3F1A72241E59B3A80013D1C1 /* AppDelegate.m in Sources */ = {isa = PBXBuildFile; fileRef = 3F1A72231E59B3A80013D1C1 /* AppDelegate.m */; };
		3F1A722A1E59B3A80013D1C1 /* Main.storyboard in Resources */ = {isa = PBXBuildFile; fileRef = 3F1A72281E59B3A80013D1C1 /* Main.storyboard */; };
		3F1A722C1E59B3A80013D1C1 /* Assets.xcassets in Resources */ = {isa = PBXBuildFile; fileRef = 3F1A722B1E59B3A80013D1C1 /* Assets.xcassets */; };
		3F1A722F1E59B3A80013D1C1 /* LaunchScreen.storyboard in Resources */ = {isa = PBXBuildFile; fileRef = 3F1A722D1E59B3A80013D1C1 /* LaunchScreen.storyboard */; };
		3F1A723E1E59D3170013D1C1 /* DDay.m in Sources */ = {isa = PBXBuildFile; fileRef = 3F1A723D1E59D3170013D1C1 /* DDay.m */; };
		3F1A72441E59EEC10013D1C1 /* StatusCharacter.m in Sources */ = {isa = PBXBuildFile; fileRef = 3F1A72431E59EEC10013D1C1 /* StatusCharacter.m */; };
		3F72B4671E5EB5150000D878 /* DataCenter.m in Sources */ = {isa = PBXBuildFile; fileRef = 3F72B4661E5EB5150000D878 /* DataCenter.m */; };
		3F97E8A01E5B075200836432 /* AddViewController.m in Sources */ = {isa = PBXBuildFile; fileRef = 3F97E89F1E5B075200836432 /* AddViewController.m */; };
		3FF3D0EA1E5D54F100CCF9AA /* CustomUINavigationBar.m in Sources */ = {isa = PBXBuildFile; fileRef = 3FF3D0E91E5D54F100CCF9AA /* CustomUINavigationBar.m */; };
		3FF3D0F01E5D747F00CCF9AA /* back.png in Resources */ = {isa = PBXBuildFile; fileRef = 3FF3D0EB1E5D747F00CCF9AA /* back.png */; };
		3FF3D0F11E5D747F00CCF9AA /* menu.png in Resources */ = {isa = PBXBuildFile; fileRef = 3FF3D0EC1E5D747F00CCF9AA /* menu.png */; };
		3FF3D0F21E5D747F00CCF9AA /* add.png in Resources */ = {isa = PBXBuildFile; fileRef = 3FF3D0ED1E5D747F00CCF9AA /* add.png */; };
		3FF3D0F31E5D747F00CCF9AA /* speechBalloonR.png in Resources */ = {isa = PBXBuildFile; fileRef = 3FF3D0EE1E5D747F00CCF9AA /* speechBalloonR.png */; };
		3FF3D0F41E5D747F00CCF9AA /* speechBalloonL.png in Resources */ = {isa = PBXBuildFile; fileRef = 3FF3D0EF1E5D747F00CCF9AA /* speechBalloonL.png */; };
		3FF3D0F71E5D777700CCF9AA /* MenuViewController.m in Sources */ = {isa = PBXBuildFile; fileRef = 3FF3D0F61E5D777700CCF9AA /* MenuViewController.m */; };
		3FF3D1031E5DA69900CCF9AA /* HomeTableViewCell.m in Sources */ = {isa = PBXBuildFile; fileRef = 3FF3D1021E5DA69900CCF9AA /* HomeTableViewCell.m */; };
		3FF3D1061E5DA71500CCF9AA /* HomeViewController.m in Sources */ = {isa = PBXBuildFile; fileRef = 3FF3D1051E5DA71500CCF9AA /* HomeViewController.m */; };
		3FF3D10B1E5DA8B300CCF9AA /* AddTableViewCell.m in Sources */ = {isa = PBXBuildFile; fileRef = 3FF3D10A1E5DA8B300CCF9AA /* AddTableViewCell.m */; };
/* End PBXBuildFile section */

/* Begin PBXFileReference section */
		3F011DA11E66D6570098D6F9 /* characterPick.png */ = {isa = PBXFileReference; lastKnownFileType = image.png; name = characterPick.png; path = Images/characterPick.png; sourceTree = "<group>"; };
		3F011DA31E66F60D0098D6F9 /* launchImg.jpeg */ = {isa = PBXFileReference; lastKnownFileType = image.jpeg; name = launchImg.jpeg; path = Images/launchImg.jpeg; sourceTree = "<group>"; };
		3F1A721C1E59B3A80013D1C1 /* AtCopyApp.app */ = {isa = PBXFileReference; explicitFileType = wrapper.application; includeInIndex = 0; path = AtCopyApp.app; sourceTree = BUILT_PRODUCTS_DIR; };
		3F1A72201E59B3A80013D1C1 /* main.m */ = {isa = PBXFileReference; lastKnownFileType = sourcecode.c.objc; path = main.m; sourceTree = "<group>"; };
		3F1A72221E59B3A80013D1C1 /* AppDelegate.h */ = {isa = PBXFileReference; lastKnownFileType = sourcecode.c.h; path = AppDelegate.h; sourceTree = "<group>"; };
		3F1A72231E59B3A80013D1C1 /* AppDelegate.m */ = {isa = PBXFileReference; lastKnownFileType = sourcecode.c.objc; path = AppDelegate.m; sourceTree = "<group>"; };
		3F1A72291E59B3A80013D1C1 /* Base */ = {isa = PBXFileReference; lastKnownFileType = file.storyboard; name = Base; path = Base.lproj/Main.storyboard; sourceTree = "<group>"; };
		3F1A722B1E59B3A80013D1C1 /* Assets.xcassets */ = {isa = PBXFileReference; lastKnownFileType = folder.assetcatalog; path = Assets.xcassets; sourceTree = "<group>"; };
		3F1A722E1E59B3A80013D1C1 /* Base */ = {isa = PBXFileReference; lastKnownFileType = file.storyboard; name = Base; path = Base.lproj/LaunchScreen.storyboard; sourceTree = "<group>"; };
		3F1A72301E59B3A80013D1C1 /* Info.plist */ = {isa = PBXFileReference; lastKnownFileType = text.plist.xml; path = Info.plist; sourceTree = "<group>"; };
		3F1A723C1E59D3170013D1C1 /* DDay.h */ = {isa = PBXFileReference; fileEncoding = 4; lastKnownFileType = sourcecode.c.h; path = DDay.h; sourceTree = "<group>"; };
		3F1A723D1E59D3170013D1C1 /* DDay.m */ = {isa = PBXFileReference; fileEncoding = 4; lastKnownFileType = sourcecode.c.objc; path = DDay.m; sourceTree = "<group>"; };
		3F1A72421E59EEC10013D1C1 /* StatusCharacter.h */ = {isa = PBXFileReference; fileEncoding = 4; lastKnownFileType = sourcecode.c.h; path = StatusCharacter.h; sourceTree = "<group>"; };
		3F1A72431E59EEC10013D1C1 /* StatusCharacter.m */ = {isa = PBXFileReference; fileEncoding = 4; lastKnownFileType = sourcecode.c.objc; path = StatusCharacter.m; sourceTree = "<group>"; };
		3F72B4651E5EB5150000D878 /* DataCenter.h */ = {isa = PBXFileReference; fileEncoding = 4; lastKnownFileType = sourcecode.c.h; path = DataCenter.h; sourceTree = "<group>"; };
		3F72B4661E5EB5150000D878 /* DataCenter.m */ = {isa = PBXFileReference; fileEncoding = 4; lastKnownFileType = sourcecode.c.objc; path = DataCenter.m; sourceTree = "<group>"; };
		3F97E89E1E5B075200836432 /* AddViewController.h */ = {isa = PBXFileReference; fileEncoding = 4; lastKnownFileType = sourcecode.c.h; path = AddViewController.h; sourceTree = "<group>"; };
		3F97E89F1E5B075200836432 /* AddViewController.m */ = {isa = PBXFileReference; fileEncoding = 4; lastKnownFileType = sourcecode.c.objc; path = AddViewController.m; sourceTree = "<group>"; };
		3FF3D0E81E5D54F100CCF9AA /* CustomUINavigationBar.h */ = {isa = PBXFileReference; fileEncoding = 4; lastKnownFileType = sourcecode.c.h; path = CustomUINavigationBar.h; sourceTree = "<group>"; };
		3FF3D0E91E5D54F100CCF9AA /* CustomUINavigationBar.m */ = {isa = PBXFileReference; fileEncoding = 4; lastKnownFileType = sourcecode.c.objc; path = CustomUINavigationBar.m; sourceTree = "<group>"; };
		3FF3D0EB1E5D747F00CCF9AA /* back.png */ = {isa = PBXFileReference; lastKnownFileType = image.png; name = back.png; path = Images/back.png; sourceTree = "<group>"; };
		3FF3D0EC1E5D747F00CCF9AA /* menu.png */ = {isa = PBXFileReference; lastKnownFileType = image.png; name = menu.png; path = Images/menu.png; sourceTree = "<group>"; };
		3FF3D0ED1E5D747F00CCF9AA /* add.png */ = {isa = PBXFileReference; lastKnownFileType = image.png; name = add.png; path = Images/add.png; sourceTree = "<group>"; };
		3FF3D0EE1E5D747F00CCF9AA /* speechBalloonR.png */ = {isa = PBXFileReference; lastKnownFileType = image.png; name = speechBalloonR.png; path = Images/speechBalloonR.png; sourceTree = "<group>"; };
		3FF3D0EF1E5D747F00CCF9AA /* speechBalloonL.png */ = {isa = PBXFileReference; lastKnownFileType = image.png; name = speechBalloonL.png; path = Images/speechBalloonL.png; sourceTree = "<group>"; };
		3FF3D0F51E5D777700CCF9AA /* MenuViewController.h */ = {isa = PBXFileReference; fileEncoding = 4; lastKnownFileType = sourcecode.c.h; path = MenuViewController.h; sourceTree = "<group>"; };
		3FF3D0F61E5D777700CCF9AA /* MenuViewController.m */ = {isa = PBXFileReference; fileEncoding = 4; lastKnownFileType = sourcecode.c.objc; path = MenuViewController.m; sourceTree = "<group>"; };
		3FF3D1011E5DA69900CCF9AA /* HomeTableViewCell.h */ = {isa = PBXFileReference; fileEncoding = 4; lastKnownFileType = sourcecode.c.h; path = HomeTableViewCell.h; sourceTree = "<group>"; };
		3FF3D1021E5DA69900CCF9AA /* HomeTableViewCell.m */ = {isa = PBXFileReference; fileEncoding = 4; lastKnownFileType = sourcecode.c.objc; path = HomeTableViewCell.m; sourceTree = "<group>"; };
		3FF3D1041E5DA71500CCF9AA /* HomeViewController.h */ = {isa = PBXFileReference; fileEncoding = 4; lastKnownFileType = sourcecode.c.h; path = HomeViewController.h; sourceTree = "<group>"; };
		3FF3D1051E5DA71500CCF9AA /* HomeViewController.m */ = {isa = PBXFileReference; fileEncoding = 4; lastKnownFileType = sourcecode.c.objc; path = HomeViewController.m; sourceTree = "<group>"; };
		3FF3D1091E5DA8B300CCF9AA /* AddTableViewCell.h */ = {isa = PBXFileReference; fileEncoding = 4; lastKnownFileType = sourcecode.c.h; path = AddTableViewCell.h; sourceTree = "<group>"; };
		3FF3D10A1E5DA8B300CCF9AA /* AddTableViewCell.m */ = {isa = PBXFileReference; fileEncoding = 4; lastKnownFileType = sourcecode.c.objc; path = AddTableViewCell.m; sourceTree = "<group>"; };
/* End PBXFileReference section */

/* Begin PBXFrameworksBuildPhase section */
		3F1A72191E59B3A80013D1C1 /* Frameworks */ = {
			isa = PBXFrameworksBuildPhase;
			buildActionMask = 2147483647;
			files = (
			);
			runOnlyForDeploymentPostprocessing = 0;
		};
/* End PBXFrameworksBuildPhase section */

/* Begin PBXGroup section */
		3F1A72131E59B3A80013D1C1 = {
			isa = PBXGroup;
			children = (
				3F1A721E1E59B3A80013D1C1 /* AtCopyApp */,
				3F1A721D1E59B3A80013D1C1 /* Products */,
			);
			sourceTree = "<group>";
		};
		3F1A721D1E59B3A80013D1C1 /* Products */ = {
			isa = PBXGroup;
			children = (
				3F1A721C1E59B3A80013D1C1 /* AtCopyApp.app */,
			);
			name = Products;
			sourceTree = "<group>";
		};
		3F1A721E1E59B3A80013D1C1 /* AtCopyApp */ = {
			isa = PBXGroup;
			children = (
				3F1A72221E59B3A80013D1C1 /* AppDelegate.h */,
				3F1A72231E59B3A80013D1C1 /* AppDelegate.m */,
				3F72B4651E5EB5150000D878 /* DataCenter.h */,
				3F72B4661E5EB5150000D878 /* DataCenter.m */,
				3F1A72281E59B3A80013D1C1 /* Main.storyboard */,
				3FF3D1071E5DA80200CCF9AA /* BasicUI */,
				3FF3D0FB1E5DA4C900CCF9AA /* Home */,
				3FF3D0FF1E5DA63E00CCF9AA /* Add */,
				3FF3D1001E5DA65500CCF9AA /* Menu */,
				3FF3D1081E5DA84500CCF9AA /* DateCalculator */,
				3F1A722B1E59B3A80013D1C1 /* Assets.xcassets */,
				3F1A722D1E59B3A80013D1C1 /* LaunchScreen.storyboard */,
				3F1A72301E59B3A80013D1C1 /* Info.plist */,
				3F1A72451E59F9840013D1C1 /* IMG */,
				3F1A721F1E59B3A80013D1C1 /* Supporting Files */,
			);
			path = AtCopyApp;
			sourceTree = "<group>";
		};
		3F1A721F1E59B3A80013D1C1 /* Supporting Files */ = {
			isa = PBXGroup;
			children = (
				3F1A72201E59B3A80013D1C1 /* main.m */,
			);
			name = "Supporting Files";
			sourceTree = "<group>";
		};
		3F1A72451E59F9840013D1C1 /* IMG */ = {
			isa = PBXGroup;
			children = (
				3F011DA31E66F60D0098D6F9 /* launchImg.jpeg */,
				3F011DA11E66D6570098D6F9 /* characterPick.png */,
				3FF3D0EB1E5D747F00CCF9AA /* back.png */,
				3FF3D0EC1E5D747F00CCF9AA /* menu.png */,
				3FF3D0ED1E5D747F00CCF9AA /* add.png */,
				3FF3D0EE1E5D747F00CCF9AA /* speechBalloonR.png */,
				3FF3D0EF1E5D747F00CCF9AA /* speechBalloonL.png */,
			);
			name = IMG;
			sourceTree = "<group>";
		};
		3FF3D0FB1E5DA4C900CCF9AA /* Home */ = {
			isa = PBXGroup;
			children = (
				3FF3D1041E5DA71500CCF9AA /* HomeViewController.h */,
				3FF3D1051E5DA71500CCF9AA /* HomeViewController.m */,
				3FF3D1011E5DA69900CCF9AA /* HomeTableViewCell.h */,
				3FF3D1021E5DA69900CCF9AA /* HomeTableViewCell.m */,
			);
			name = Home;
			sourceTree = "<group>";
		};
		3FF3D0FF1E5DA63E00CCF9AA /* Add */ = {
			isa = PBXGroup;
			children = (
				3F97E89E1E5B075200836432 /* AddViewController.h */,
				3F97E89F1E5B075200836432 /* AddViewController.m */,
				3FF3D1091E5DA8B300CCF9AA /* AddTableViewCell.h */,
				3FF3D10A1E5DA8B300CCF9AA /* AddTableViewCell.m */,
			);
			name = Add;
			sourceTree = "<group>";
		};
		3FF3D1001E5DA65500CCF9AA /* Menu */ = {
			isa = PBXGroup;
			children = (
				3FF3D0F51E5D777700CCF9AA /* MenuViewController.h */,
				3FF3D0F61E5D777700CCF9AA /* MenuViewController.m */,
			);
			name = Menu;
			sourceTree = "<group>";
		};
		3FF3D1071E5DA80200CCF9AA /* BasicUI */ = {
			isa = PBXGroup;
			children = (
				3FF3D0E81E5D54F100CCF9AA /* CustomUINavigationBar.h */,
				3FF3D0E91E5D54F100CCF9AA /* CustomUINavigationBar.m */,
				3F1A72421E59EEC10013D1C1 /* StatusCharacter.h */,
				3F1A72431E59EEC10013D1C1 /* StatusCharacter.m */,
			);
			name = BasicUI;
			sourceTree = "<group>";
		};
		3FF3D1081E5DA84500CCF9AA /* DateCalculator */ = {
			isa = PBXGroup;
			children = (
				3F1A723C1E59D3170013D1C1 /* DDay.h */,
				3F1A723D1E59D3170013D1C1 /* DDay.m */,
			);
			name = DateCalculator;
			sourceTree = "<group>";
		};
/* End PBXGroup section */

/* Begin PBXNativeTarget section */
		3F1A721B1E59B3A80013D1C1 /* AtCopyApp */ = {
			isa = PBXNativeTarget;
			buildConfigurationList = 3F1A72331E59B3A80013D1C1 /* Build configuration list for PBXNativeTarget "AtCopyApp" */;
			buildPhases = (
				3F1A72181E59B3A80013D1C1 /* Sources */,
				3F1A72191E59B3A80013D1C1 /* Frameworks */,
				3F1A721A1E59B3A80013D1C1 /* Resources */,
			);
			buildRules = (
			);
			dependencies = (
			);
			name = AtCopyApp;
			productName = AtCopyApp;
			productReference = 3F1A721C1E59B3A80013D1C1 /* AtCopyApp.app */;
			productType = "com.apple.product-type.application";
		};
/* End PBXNativeTarget section */

/* Begin PBXProject section */
		3F1A72141E59B3A80013D1C1 /* Project object */ = {
			isa = PBXProject;
			attributes = {
				LastUpgradeCheck = 0820;
				ORGANIZATIONNAME = JeheonChoi;
				TargetAttributes = {
					3F1A721B1E59B3A80013D1C1 = {
						CreatedOnToolsVersion = 8.2.1;
						DevelopmentTeam = JVMFT5G5K6;
						ProvisioningStyle = Automatic;
					};
				};
			};
			buildConfigurationList = 3F1A72171E59B3A80013D1C1 /* Build configuration list for PBXProject "AtCopyApp" */;
			compatibilityVersion = "Xcode 3.2";
			developmentRegion = English;
			hasScannedForEncodings = 0;
			knownRegions = (
				en,
				Base,
			);
			mainGroup = 3F1A72131E59B3A80013D1C1;
			productRefGroup = 3F1A721D1E59B3A80013D1C1 /* Products */;
			projectDirPath = "";
			projectRoot = "";
			targets = (
				3F1A721B1E59B3A80013D1C1 /* AtCopyApp */,
			);
		};
/* End PBXProject section */

/* Begin PBXResourcesBuildPhase section */
		3F1A721A1E59B3A80013D1C1 /* Resources */ = {
			isa = PBXResourcesBuildPhase;
			buildActionMask = 2147483647;
			files = (
				3FF3D0F41E5D747F00CCF9AA /* speechBalloonL.png in Resources */,
				3F011DA21E66D6570098D6F9 /* characterPick.png in Resources */,
				3FF3D0F01E5D747F00CCF9AA /* back.png in Resources */,
				3FF3D0F11E5D747F00CCF9AA /* menu.png in Resources */,
				3F1A722F1E59B3A80013D1C1 /* LaunchScreen.storyboard in Resources */,
				3FF3D0F21E5D747F00CCF9AA /* add.png in Resources */,
				3F011DA41E66F60D0098D6F9 /* launchImg.jpeg in Resources */,
				3F1A722C1E59B3A80013D1C1 /* Assets.xcassets in Resources */,
				3FF3D0F31E5D747F00CCF9AA /* speechBalloonR.png in Resources */,
				3F1A722A1E59B3A80013D1C1 /* Main.storyboard in Resources */,
			);
			runOnlyForDeploymentPostprocessing = 0;
		};
/* End PBXResourcesBuildPhase section */

/* Begin PBXSourcesBuildPhase section */
		3F1A72181E59B3A80013D1C1 /* Sources */ = {
			isa = PBXSourcesBuildPhase;
			buildActionMask = 2147483647;
			files = (
				3FF3D0EA1E5D54F100CCF9AA /* CustomUINavigationBar.m in Sources */,
				3FF3D10B1E5DA8B300CCF9AA /* AddTableViewCell.m in Sources */,
				3FF3D0F71E5D777700CCF9AA /* MenuViewController.m in Sources */,
				3FF3D1031E5DA69900CCF9AA /* HomeTableViewCell.m in Sources */,
				3FF3D1061E5DA71500CCF9AA /* HomeViewController.m in Sources */,
				3F1A723E1E59D3170013D1C1 /* DDay.m in Sources */,
				3F1A72241E59B3A80013D1C1 /* AppDelegate.m in Sources */,
				3F97E8A01E5B075200836432 /* AddViewController.m in Sources */,
				3F1A72211E59B3A80013D1C1 /* main.m in Sources */,
				3F72B4671E5EB5150000D878 /* DataCenter.m in Sources */,
				3F1A72441E59EEC10013D1C1 /* StatusCharacter.m in Sources */,
			);
			runOnlyForDeploymentPostprocessing = 0;
		};
/* End PBXSourcesBuildPhase section */

/* Begin PBXVariantGroup section */
		3F1A72281E59B3A80013D1C1 /* Main.storyboard */ = {
			isa = PBXVariantGroup;
			children = (
				3F1A72291E59B3A80013D1C1 /* Base */,
			);
			name = Main.storyboard;
			sourceTree = "<group>";
		};
		3F1A722D1E59B3A80013D1C1 /* LaunchScreen.storyboard */ = {
			isa = PBXVariantGroup;
			children = (
				3F1A722E1E59B3A80013D1C1 /* Base */,
			);
			name = LaunchScreen.storyboard;
			sourceTree = "<group>";
		};
/* End PBXVariantGroup section */

/* Begin XCBuildConfiguration section */
		3F1A72311E59B3A80013D1C1 /* Debug */ = {
			isa = XCBuildConfiguration;
			buildSettings = {
				ALWAYS_SEARCH_USER_PATHS = NO;
				CLANG_ANALYZER_NONNULL = YES;
				CLANG_CXX_LANGUAGE_STANDARD = "gnu++0x";
				CLANG_CXX_LIBRARY = "libc++";
				CLANG_ENABLE_MODULES = YES;
				CLANG_ENABLE_OBJC_ARC = YES;
				CLANG_WARN_BOOL_CONVERSION = YES;
				CLANG_WARN_CONSTANT_CONVERSION = YES;
				CLANG_WARN_DIRECT_OBJC_ISA_USAGE = YES_ERROR;
				CLANG_WARN_DOCUMENTATION_COMMENTS = YES;
				CLANG_WARN_EMPTY_BODY = YES;
				CLANG_WARN_ENUM_CONVERSION = YES;
				CLANG_WARN_INFINITE_RECURSION = YES;
				CLANG_WARN_INT_CONVERSION = YES;
				CLANG_WARN_OBJC_ROOT_CLASS = YES_ERROR;
				CLANG_WARN_SUSPICIOUS_MOVE = YES;
				CLANG_WARN_UNREACHABLE_CODE = YES;
				CLANG_WARN__DUPLICATE_METHOD_MATCH = YES;
				"CODE_SIGN_IDENTITY[sdk=iphoneos*]" = "iPhone Developer";
				COPY_PHASE_STRIP = NO;
				DEBUG_INFORMATION_FORMAT = dwarf;
				ENABLE_STRICT_OBJC_MSGSEND = YES;
				ENABLE_TESTABILITY = YES;
				GCC_C_LANGUAGE_STANDARD = gnu99;
				GCC_DYNAMIC_NO_PIC = NO;
				GCC_NO_COMMON_BLOCKS = YES;
				GCC_OPTIMIZATION_LEVEL = 0;
				GCC_PREPROCESSOR_DEFINITIONS = (
					"DEBUG=1",
					"$(inherited)",
				);
				GCC_WARN_64_TO_32_BIT_CONVERSION = YES;
				GCC_WARN_ABOUT_RETURN_TYPE = YES_ERROR;
				GCC_WARN_UNDECLARED_SELECTOR = YES;
				GCC_WARN_UNINITIALIZED_AUTOS = YES_AGGRESSIVE;
				GCC_WARN_UNUSED_FUNCTION = YES;
				GCC_WARN_UNUSED_VARIABLE = YES;
				IPHONEOS_DEPLOYMENT_TARGET = 10.2;
				MTL_ENABLE_DEBUG_INFO = YES;
				ONLY_ACTIVE_ARCH = YES;
				SDKROOT = iphoneos;
			};
			name = Debug;
		};
		3F1A72321E59B3A80013D1C1 /* Release */ = {
			isa = XCBuildConfiguration;
			buildSettings = {
				ALWAYS_SEARCH_USER_PATHS = NO;
				CLANG_ANALYZER_NONNULL = YES;
				CLANG_CXX_LANGUAGE_STANDARD = "gnu++0x";
				CLANG_CXX_LIBRARY = "libc++";
				CLANG_ENABLE_MODULES = YES;
				CLANG_ENABLE_OBJC_ARC = YES;
				CLANG_WARN_BOOL_CONVERSION = YES;
				CLANG_WARN_CONSTANT_CONVERSION = YES;
				CLANG_WARN_DIRECT_OBJC_ISA_USAGE = YES_ERROR;
				CLANG_WARN_DOCUMENTATION_COMMENTS = YES;
				CLANG_WARN_EMPTY_BODY = YES;
				CLANG_WARN_ENUM_CONVERSION = YES;
				CLANG_WARN_INFINITE_RECURSION = YES;
				CLANG_WARN_INT_CONVERSION = YES;
				CLANG_WARN_OBJC_ROOT_CLASS = YES_ERROR;
				CLANG_WARN_SUSPICIOUS_MOVE = YES;
				CLANG_WARN_UNREACHABLE_CODE = YES;
				CLANG_WARN__DUPLICATE_METHOD_MATCH = YES;
				"CODE_SIGN_IDENTITY[sdk=iphoneos*]" = "iPhone Developer";
				COPY_PHASE_STRIP = NO;
				DEBUG_INFORMATION_FORMAT = "dwarf-with-dsym";
				ENABLE_NS_ASSERTIONS = NO;
				ENABLE_STRICT_OBJC_MSGSEND = YES;
				GCC_C_LANGUAGE_STANDARD = gnu99;
				GCC_NO_COMMON_BLOCKS = YES;
				GCC_WARN_64_TO_32_BIT_CONVERSION = YES;
				GCC_WARN_ABOUT_RETURN_TYPE = YES_ERROR;
				GCC_WARN_UNDECLARED_SELECTOR = YES;
				GCC_WARN_UNINITIALIZED_AUTOS = YES_AGGRESSIVE;
				GCC_WARN_UNUSED_FUNCTION = YES;
				GCC_WARN_UNUSED_VARIABLE = YES;
				IPHONEOS_DEPLOYMENT_TARGET = 10.2;
				MTL_ENABLE_DEBUG_INFO = NO;
				SDKROOT = iphoneos;
				VALIDATE_PRODUCT = YES;
			};
			name = Release;
		};
		3F1A72341E59B3A80013D1C1 /* Debug */ = {
			isa = XCBuildConfiguration;
			buildSettings = {
				ASSETCATALOG_COMPILER_APPICON_NAME = AppIcon;
				"CODE_SIGN_IDENTITY[sdk=iphoneos*]" = "iPhone Developer";
				DEVELOPMENT_TEAM = JVMFT5G5K6;
				INFOPLIST_FILE = AtCopyApp/Info.plist;
				LD_RUNPATH_SEARCH_PATHS = "$(inherited) @executable_path/Frameworks";
				PRODUCT_BUNDLE_IDENTIFIER = com.Jereator.AtCopyApp;
				PRODUCT_NAME = "$(TARGET_NAME)";
			};
			name = Debug;
		};
		3F1A72351E59B3A80013D1C1 /* Release */ = {
			isa = XCBuildConfiguration;
			buildSettings = {
				ASSETCATALOG_COMPILER_APPICON_NAME = AppIcon;
				"CODE_SIGN_IDENTITY[sdk=iphoneos*]" = "iPhone Developer";
				DEVELOPMENT_TEAM = JVMFT5G5K6;
				INFOPLIST_FILE = AtCopyApp/Info.plist;
				LD_RUNPATH_SEARCH_PATHS = "$(inherited) @executable_path/Frameworks";
				PRODUCT_BUNDLE_IDENTIFIER = com.Jereator.AtCopyApp;
				PRODUCT_NAME = "$(TARGET_NAME)";
			};
			name = Release;
		};
/* End XCBuildConfiguration section */

/* Begin XCConfigurationList section */
		3F1A72171E59B3A80013D1C1 /* Build configuration list for PBXProject "AtCopyApp" */ = {
			isa = XCConfigurationList;
			buildConfigurations = (
				3F1A72311E59B3A80013D1C1 /* Debug */,
				3F1A72321E59B3A80013D1C1 /* Release */,
			);
			defaultConfigurationIsVisible = 0;
			defaultConfigurationName = Release;
		};
		3F1A72331E59B3A80013D1C1 /* Build configuration list for PBXNativeTarget "AtCopyApp" */ = {
			isa = XCConfigurationList;
			buildConfigurations = (
				3F1A72341E59B3A80013D1C1 /* Debug */,
				3F1A72351E59B3A80013D1C1 /* Release */,
			);
			defaultConfigurationIsVisible = 0;
			defaultConfigurationName = Release;
		};
/* End XCConfigurationList section */
	};
	rootObject = 3F1A72141E59B3A80013D1C1 /* Project object */;
}
